
Microsoft Visual Studio Solution File, Format Version 12.00
# Visual Studio 15
Project("{FAE04EC0-301F-11D3-BF4B-00C04F79EFBC}") = "UnityEngine.TestRunner", "UnityEngine.TestRunner.csproj", "{E4D3B682-E114-D508-FB97-CD2A84877A08}"
EndProject
Project("{FAE04EC0-301F-11D3-BF4B-00C04F79EFBC}") = "UnityEngine.UI", "UnityEngine.UI.csproj", "{5DC2B6B3-388E-E3FA-E752-583762787942}"
EndProject
Project("{FAE04EC0-301F-11D3-BF4B-00C04F79EFBC}") = "Unity.VisualScripting.Flow", "Unity.VisualScripting.Flow.csproj", "{2B4AD86D-FC75-9C95-EDE2-C06E53859929}"
EndProject
Project("{FAE04EC0-301F-11D3-BF4B-00C04F79EFBC}") = "Unity.Services.Core.Telemetry", "Unity.Services.Core.Telemetry.csproj", "{CCEFCA7D-B985-0801-4EEA-8DB45968AD77}"
EndProject
Project("{FAE04EC0-301F-11D3-BF4B-00C04F79EFBC}") = "Unity.VisualScripting.State", "Unity.VisualScripting.State.csproj", "{CDD69771-8323-5B53-5974-3F1341B3B0B3}"
EndProject
Project("{FAE04EC0-301F-11D3-BF4B-00C04F79EFBC}") = "Unity.VisualScripting.Core", "Unity.VisualScripting.Core.csproj", "{331EB8F2-F4C0-063A-CCA7-26D8B4F295B3}"
EndProject
Project("{FAE04EC0-301F-11D3-BF4B-00C04F79EFBC}") = "Unity.Services.Core.Environments.Internal", "Unity.Services.Core.Environments.Internal.csproj", "{20278DFC-00C5-09D3-B6F5-A1C27C299A61}"
EndProject
Project("{FAE04EC0-301F-11D3-BF4B-00C04F79EFBC}") = "Unity.TextMeshPro", "Unity.TextMeshPro.csproj", "{43E0133F-9D79-052B-2121-E15E569932FE}"
EndProject
Project("{FAE04EC0-301F-11D3-BF4B-00C04F79EFBC}") = "Unity.Timeline", "Unity.Timeline.csproj", "{DEED757D-50F7-55CF-9FD8-D7DC314D7EB1}"
EndProject
Project("{FAE04EC0-301F-11D3-BF4B-00C04F79EFBC}") = "Unity.Services.Core.Environments", "Unity.Services.Core.Environments.csproj", "{B27AC41A-E35B-FDCC-9BFD-237D45D6AD7E}"
EndProject
Project("{FAE04EC0-301F-11D3-BF4B-00C04F79EFBC}") = "Unity.Services.Core.Internal", "Unity.Services.Core.Internal.csproj", "{B54C73E5-6932-1104-571C-C22621820FA8}"
EndProject
Project("{FAE04EC0-301F-11D3-BF4B-00C04F79EFBC}") = "Unity.Services.Core.Analytics", "Unity.Services.Core.Analytics.csproj", "{C93CC800-1C16-7BAC-D517-9630083A4F94}"
EndProject
Project("{FAE04EC0-301F-11D3-BF4B-00C04F79EFBC}") = "Unity.Services.Core.Scheduler", "Unity.Services.Core.Scheduler.csproj", "{58AE884E-9A4C-0A6D-5B44-8C8695BC32E7}"
EndProject
Project("{FAE04EC0-301F-11D3-BF4B-00C04F79EFBC}") = "Unity.Services.Core.Registration", "Unity.Services.Core.Registration.csproj", "{4F2BD8BD-3E5C-461B-0F36-4D65497A2F48}"
EndProject
Project("{FAE04EC0-301F-11D3-BF4B-00C04F79EFBC}") = "Unity.Services.Core.Device", "Unity.Services.Core.Device.csproj", "{4D8B7D37-370C-C4E3-B767-821BCCC47510}"
EndProject
Project("{FAE04EC0-301F-11D3-BF4B-00C04F79EFBC}") = "Unity.Services.Core.Threading", "Unity.Services.Core.Threading.csproj", "{9FF35DC7-4A25-37F3-200D-BF459804DC7B}"
EndProject
Project("{FAE04EC0-301F-11D3-BF4B-00C04F79EFBC}") = "Unity.Services.Core.Networking", "Unity.Services.Core.Networking.csproj", "{36C3A5DC-A6AC-922A-2DF9-02B7817959AB}"
EndProject
Project("{FAE04EC0-301F-11D3-BF4B-00C04F79EFBC}") = "Unity.Services.Core", "Unity.Services.Core.csproj", "{59AD356C-9595-3F0F-EF6A-ED6AC1821896}"
EndProject
Project("{FAE04EC0-301F-11D3-BF4B-00C04F79EFBC}") = "Unity.Services.Core.Configuration", "Unity.Services.Core.Configuration.csproj", "{60688692-89B3-2041-A8AD-CB9F30B1EBA0}"
EndProject
Project("{FAE04EC0-301F-11D3-BF4B-00C04F79EFBC}") = "Assembly-CSharp", "Assembly-CSharp.csproj", "{A1E2DA47-24A8-0922-2CCC-A7147BD323D7}"
EndProject
Project("{FAE04EC0-301F-11D3-BF4B-00C04F79EFBC}") = "Unity.RemoteConfig", "Unity.RemoteConfig.csproj", "{B9C67BD2-56D5-6F79-C5C8-1533B1F87DD7}"
EndProject
Project("{FAE04EC0-301F-11D3-BF4B-00C04F79EFBC}") = "Unity.RemoteConfig.Editor.Core", "Unity.RemoteConfig.Editor.Core.csproj", "{E90C8323-5CA9-CBF1-E117-355FB2658810}"
EndProject
Project("{FAE04EC0-301F-11D3-BF4B-00C04F79EFBC}") = "Unity.PlasticSCM.Editor", "Unity.PlasticSCM.Editor.csproj", "{AE979790-67E8-0652-5070-DBAB780AB4FC}"
EndProject
Project("{FAE04EC0-301F-11D3-BF4B-00C04F79EFBC}") = "Unity.VisualScripting.Core.Editor", "Unity.VisualScripting.Core.Editor.csproj", "{5326E137-C450-6800-DDA8-5EA8CA5B57D5}"
EndProject
Project("{FAE04EC0-301F-11D3-BF4B-00C04F79EFBC}") = "Unity.VisualScripting.Flow.Editor", "Unity.VisualScripting.Flow.Editor.csproj", "{1F329D63-23D8-08F7-46EF-E616CCAFF2A4}"
EndProject
Project("{FAE04EC0-301F-11D3-BF4B-00C04F79EFBC}") = "Unity.VisualStudio.Editor", "Unity.VisualStudio.Editor.csproj", "{D6E07CC7-E4A2-BC45-125D-88C13BA70B08}"
EndProject
Project("{FAE04EC0-301F-11D3-BF4B-00C04F79EFBC}") = "Unity.Timeline.Editor", "Unity.Timeline.Editor.csproj", "{EDAE2654-1658-8FFC-38DC-4CED08C909C1}"
EndProject
Project("{FAE04EC0-301F-11D3-BF4B-00C04F79EFBC}") = "Unity.VisualScripting.State.Editor", "Unity.VisualScripting.State.Editor.csproj", "{813F6C4A-0A3A-DD2A-E98F-C4D2A7787BBD}"
EndProject
Project("{FAE04EC0-301F-11D3-BF4B-00C04F79EFBC}") = "Unity.TextMeshPro.Editor", "Unity.TextMeshPro.Editor.csproj", "{AEC4499C-DE7C-2EF0-047A-2DF44AF608BE}"
EndProject
Project("{FAE04EC0-301F-11D3-BF4B-00C04F79EFBC}") = "Unity.VisualScripting.SettingsProvider.Editor", "Unity.VisualScripting.SettingsProvider.Editor.csproj", "{6350968B-31F0-3BC1-A8BF-369C8A4D3B9A}"
EndProject
Project("{FAE04EC0-301F-11D3-BF4B-00C04F79EFBC}") = "Unity.CollabProxy.Editor", "Unity.CollabProxy.Editor.csproj", "{94C0C68D-896A-CDE7-89B9-3B1752287BF9}"
EndProject
Project("{FAE04EC0-301F-11D3-BF4B-00C04F79EFBC}") = "UnityEditor.TestRunner", "UnityEditor.TestRunner.csproj", "{EFC1FA69-9A1E-F7D7-A556-AEF080D2D882}"
EndProject
Project("{FAE04EC0-301F-11D3-BF4B-00C04F79EFBC}") = "Unity.Services.Core.Editor", "Unity.Services.Core.Editor.csproj", "{583B8964-ABBD-E996-2875-506A822C712A}"
EndProject
Project("{FAE04EC0-301F-11D3-BF4B-00C04F79EFBC}") = "Unity.TestTools.CodeCoverage.Editor", "Unity.TestTools.CodeCoverage.Editor.csproj", "{B5050928-CC71-96FB-1731-4CD317BB2613}"
EndProject
Project("{FAE04EC0-301F-11D3-BF4B-00C04F79EFBC}") = "Unity.Rider.Editor", "Unity.Rider.Editor.csproj", "{5B656093-F572-8207-E8F5-1F7A202F0BE1}"
EndProject
Project("{FAE04EC0-301F-11D3-BF4B-00C04F79EFBC}") = "Unity.Performance.Profile-Analyzer.Editor", "Unity.Performance.Profile-Analyzer.Editor.csproj", "{4F6B2C3F-E6A4-409D-5C1D-719472A3B34D}"
EndProject
Project("{FAE04EC0-301F-11D3-BF4B-00C04F79EFBC}") = "Unity.VSCode.Editor", "Unity.VSCode.Editor.csproj", "{4606CACA-DB0D-275F-45E1-414A8F5204C3}"
EndProject
Project("{FAE04EC0-301F-11D3-BF4B-00C04F79EFBC}") = "UnityEditor.UI", "UnityEditor.UI.csproj", "{B6D5AF39-130D-9C35-40E3-4AE0CED1BEA7}"
EndProject
Project("{FAE04EC0-301F-11D3-BF4B-00C04F79EFBC}") = "Unity.TestTools.CodeCoverage.Editor.OpenCover.Model", "Unity.TestTools.CodeCoverage.Editor.OpenCover.Model.csproj", "{E174D5D2-DD6B-7478-495B-ACC87DDAE518}"
EndProject
Project("{FAE04EC0-301F-11D3-BF4B-00C04F79EFBC}") = "Unity.EditorCoroutines.Editor", "Unity.EditorCoroutines.Editor.csproj", "{17084A17-E5A2-BA5C-98D8-75919AC70A90}"
EndProject
Project("{FAE04EC0-301F-11D3-BF4B-00C04F79EFBC}") = "Unity.Settings.Editor", "Unity.Settings.Editor.csproj", "{A96B3058-B391-46FC-507E-CA164F107A29}"
EndProject
Project("{FAE04EC0-301F-11D3-BF4B-00C04F79EFBC}") = "Unity.Services.Core.Configuration.Editor", "Unity.Services.Core.Configuration.Editor.csproj", "{D4DEB329-4033-C7B3-F9AB-26206831F458}"
EndProject
Project("{FAE04EC0-301F-11D3-BF4B-00C04F79EFBC}") = "Unity.TestTools.CodeCoverage.Editor.OpenCover.Mono.Reflection", "Unity.TestTools.CodeCoverage.Editor.OpenCover.Mono.Reflection.csproj", "{AF70B30D-2557-0A4F-DD2F-B57E6453D336}"
EndProject
Project("{FAE04EC0-301F-11D3-BF4B-00C04F79EFBC}") = "Unity.VisualScripting.Shared.Editor", "Unity.VisualScripting.Shared.Editor.csproj", "{18059874-B3E7-0BBC-D7EF-67431CBDA79B}"
EndProject
Project("{FAE04EC0-301F-11D3-BF4B-00C04F79EFBC}") = "Assembly-CSharp-Editor", "Assembly-CSharp-Editor.csproj", "{68D124E8-EEB5-850C-7260-E6EB52E1515D}"
EndProject
Project("{FAE04EC0-301F-11D3-BF4B-00C04F79EFBC}") = "Unity.RemoteConfig.Editor", "Unity.RemoteConfig.Editor.csproj", "{096F68B1-7582-F147-5D4E-C1AB0DB79937}"
EndProject
Project("{FAE04EC0-301F-11D3-BF4B-00C04F79EFBC}") = "UnityEngine.TestRunner", "UnityEngine.TestRunner.Player.csproj", "{11A38239-F07E-20F1-7328-3DE9119758C1}"
EndProject
Project("{FAE04EC0-301F-11D3-BF4B-00C04F79EFBC}") = "UnityEngine.UI", "UnityEngine.UI.Player.csproj", "{1C96CD2D-105D-5ECA-DF2F-8AD07A69B80F}"
EndProject
Project("{FAE04EC0-301F-11D3-BF4B-00C04F79EFBC}") = "Unity.VisualScripting.Flow", "Unity.VisualScripting.Flow.Player.csproj", "{9152513F-9C7C-80A9-100D-E5CCECB34F74}"
EndProject
Project("{FAE04EC0-301F-11D3-BF4B-00C04F79EFBC}") = "Unity.Services.Core.Telemetry", "Unity.Services.Core.Telemetry.Player.csproj", "{AFEEA224-241A-8213-DD26-38EEF432FF42}"
EndProject
Project("{FAE04EC0-301F-11D3-BF4B-00C04F79EFBC}") = "Unity.VisualScripting.State", "Unity.VisualScripting.State.Player.csproj", "{CB5E8428-63F8-4F86-8BF2-5D98E9BD8EC2}"
EndProject
Project("{FAE04EC0-301F-11D3-BF4B-00C04F79EFBC}") = "Unity.VisualScripting.Core", "Unity.VisualScripting.Core.Player.csproj", "{B3B8E05F-F833-EE7E-82E8-B2647862E74C}"
EndProject
Project("{FAE04EC0-301F-11D3-BF4B-00C04F79EFBC}") = "Unity.Services.Core.Environments.Internal", "Unity.Services.Core.Environments.Internal.Player.csproj", "{08B220CF-C69C-49BB-1BC8-764332D1BA8C}"
EndProject
Project("{FAE04EC0-301F-11D3-BF4B-00C04F79EFBC}") = "Unity.TextMeshPro", "Unity.TextMeshPro.Player.csproj", "{FA846282-56D7-A747-05E7-D5E45AAEE359}"
EndProject
Project("{FAE04EC0-301F-11D3-BF4B-00C04F79EFBC}") = "Unity.Timeline", "Unity.Timeline.Player.csproj", "{059FF3D7-6B2E-8BB0-E5AF-6E72B7E0984A}"
EndProject
Project("{FAE04EC0-301F-11D3-BF4B-00C04F79EFBC}") = "Unity.Services.Core.Environments", "Unity.Services.Core.Environments.Player.csproj", "{DA93EC1B-98E5-DA62-82D5-A1714C644142}"
EndProject
Project("{FAE04EC0-301F-11D3-BF4B-00C04F79EFBC}") = "Unity.Services.Core.Internal", "Unity.Services.Core.Internal.Player.csproj", "{CBD700B5-A728-FB90-09CD-E6B895B9753A}"
EndProject
Project("{FAE04EC0-301F-11D3-BF4B-00C04F79EFBC}") = "Unity.Services.Core.Analytics", "Unity.Services.Core.Analytics.Player.csproj", "{0A923883-BA45-BA7A-C710-23E2CD794A18}"
EndProject
Project("{FAE04EC0-301F-11D3-BF4B-00C04F79EFBC}") = "Unity.Services.Core.Scheduler", "Unity.Services.Core.Scheduler.Player.csproj", "{CF8FF094-41A0-927F-462B-C305D56FEEA0}"
EndProject
Project("{FAE04EC0-301F-11D3-BF4B-00C04F79EFBC}") = "Unity.Services.Core.Registration", "Unity.Services.Core.Registration.Player.csproj", "{0B95DFA4-1A90-4DA9-5FBF-54AD71D0C2C5}"
EndProject
Project("{FAE04EC0-301F-11D3-BF4B-00C04F79EFBC}") = "Unity.Services.Core.Device", "Unity.Services.Core.Device.Player.csproj", "{C03DFB6E-A5C7-EC11-DE7F-4A6C3EE46B95}"
EndProject
Project("{FAE04EC0-301F-11D3-BF4B-00C04F79EFBC}") = "Unity.Services.Core.Threading", "Unity.Services.Core.Threading.Player.csproj", "{726A311D-0095-D6C9-BFAC-E2749AD9740C}"
EndProject
Project("{FAE04EC0-301F-11D3-BF4B-00C04F79EFBC}") = "Unity.Services.Core.Networking", "Unity.Services.Core.Networking.Player.csproj", "{E4FBA710-4674-8511-6695-C7569B57ADB8}"
EndProject
Project("{FAE04EC0-301F-11D3-BF4B-00C04F79EFBC}") = "Unity.Services.Core", "Unity.Services.Core.Player.csproj", "{819F2EC7-FA3A-3C1C-3284-7926AE5C24C2}"
EndProject
Project("{FAE04EC0-301F-11D3-BF4B-00C04F79EFBC}") = "Unity.Services.Core.Configuration", "Unity.Services.Core.Configuration.Player.csproj", "{40AA4F78-7528-1651-FC84-6E8D5D78FA38}"
EndProject
Project("{FAE04EC0-301F-11D3-BF4B-00C04F79EFBC}") = "Assembly-CSharp", "Assembly-CSharp.Player.csproj", "{4CF250E9-AB69-3C5B-D366-68BFA54824D7}"
EndProject
Project("{FAE04EC0-301F-11D3-BF4B-00C04F79EFBC}") = "Unity.RemoteConfig", "Unity.RemoteConfig.Player.csproj", "{C7FD49AA-F8E6-DD8D-6557-C1A1E73F4D86}"
EndProject
Project("{FAE04EC0-301F-11D3-BF4B-00C04F79EFBC}") = "Unity.RemoteConfig.Editor.Core", "Unity.RemoteConfig.Editor.Core.Player.csproj", "{39A5238C-251C-4B06-BF8D-E5B6BF837651}"
EndProject
Global
	GlobalSection(SolutionConfigurationPlatforms) = preSolution
		Debug|Any CPU = Debug|Any CPU
		Release|Any CPU = Release|Any CPU
	EndGlobalSection
	GlobalSection(ProjectConfigurationPlatforms) = postSolution
		{E4D3B682-E114-D508-FB97-CD2A84877A08}.Debug|Any CPU.ActiveCfg = Debug|Any CPU
		{E4D3B682-E114-D508-FB97-CD2A84877A08}.Debug|Any CPU.Build.0 = Debug|Any CPU
		{E4D3B682-E114-D508-FB97-CD2A84877A08}.Release|Any CPU.ActiveCfg = Release|Any CPU
		{E4D3B682-E114-D508-FB97-CD2A84877A08}.Release|Any CPU.Build.0 = Release|Any CPU
		{5DC2B6B3-388E-E3FA-E752-583762787942}.Debug|Any CPU.ActiveCfg = Debug|Any CPU
		{5DC2B6B3-388E-E3FA-E752-583762787942}.Debug|Any CPU.Build.0 = Debug|Any CPU
		{5DC2B6B3-388E-E3FA-E752-583762787942}.Release|Any CPU.ActiveCfg = Release|Any CPU
		{5DC2B6B3-388E-E3FA-E752-583762787942}.Release|Any CPU.Build.0 = Release|Any CPU
		{2B4AD86D-FC75-9C95-EDE2-C06E53859929}.Debug|Any CPU.ActiveCfg = Debug|Any CPU
		{2B4AD86D-FC75-9C95-EDE2-C06E53859929}.Debug|Any CPU.Build.0 = Debug|Any CPU
		{2B4AD86D-FC75-9C95-EDE2-C06E53859929}.Release|Any CPU.ActiveCfg = Release|Any CPU
		{2B4AD86D-FC75-9C95-EDE2-C06E53859929}.Release|Any CPU.Build.0 = Release|Any CPU
		{CCEFCA7D-B985-0801-4EEA-8DB45968AD77}.Debug|Any CPU.ActiveCfg = Debug|Any CPU
		{CCEFCA7D-B985-0801-4EEA-8DB45968AD77}.Debug|Any CPU.Build.0 = Debug|Any CPU
		{CCEFCA7D-B985-0801-4EEA-8DB45968AD77}.Release|Any CPU.ActiveCfg = Release|Any CPU
		{CCEFCA7D-B985-0801-4EEA-8DB45968AD77}.Release|Any CPU.Build.0 = Release|Any CPU
		{CDD69771-8323-5B53-5974-3F1341B3B0B3}.Debug|Any CPU.ActiveCfg = Debug|Any CPU
		{CDD69771-8323-5B53-5974-3F1341B3B0B3}.Debug|Any CPU.Build.0 = Debug|Any CPU
		{CDD69771-8323-5B53-5974-3F1341B3B0B3}.Release|Any CPU.ActiveCfg = Release|Any CPU
		{CDD69771-8323-5B53-5974-3F1341B3B0B3}.Release|Any CPU.Build.0 = Release|Any CPU
		{331EB8F2-F4C0-063A-CCA7-26D8B4F295B3}.Debug|Any CPU.ActiveCfg = Debug|Any CPU
		{331EB8F2-F4C0-063A-CCA7-26D8B4F295B3}.Debug|Any CPU.Build.0 = Debug|Any CPU
		{331EB8F2-F4C0-063A-CCA7-26D8B4F295B3}.Release|Any CPU.ActiveCfg = Release|Any CPU
		{331EB8F2-F4C0-063A-CCA7-26D8B4F295B3}.Release|Any CPU.Build.0 = Release|Any CPU
		{20278DFC-00C5-09D3-B6F5-A1C27C299A61}.Debug|Any CPU.ActiveCfg = Debug|Any CPU
		{20278DFC-00C5-09D3-B6F5-A1C27C299A61}.Debug|Any CPU.Build.0 = Debug|Any CPU
		{20278DFC-00C5-09D3-B6F5-A1C27C299A61}.Release|Any CPU.ActiveCfg = Release|Any CPU
		{20278DFC-00C5-09D3-B6F5-A1C27C299A61}.Release|Any CPU.Build.0 = Release|Any CPU
		{43E0133F-9D79-052B-2121-E15E569932FE}.Debug|Any CPU.ActiveCfg = Debug|Any CPU
		{43E0133F-9D79-052B-2121-E15E569932FE}.Debug|Any CPU.Build.0 = Debug|Any CPU
		{43E0133F-9D79-052B-2121-E15E569932FE}.Release|Any CPU.ActiveCfg = Release|Any CPU
		{43E0133F-9D79-052B-2121-E15E569932FE}.Release|Any CPU.Build.0 = Release|Any CPU
		{DEED757D-50F7-55CF-9FD8-D7DC314D7EB1}.Debug|Any CPU.ActiveCfg = Debug|Any CPU
		{DEED757D-50F7-55CF-9FD8-D7DC314D7EB1}.Debug|Any CPU.Build.0 = Debug|Any CPU
		{DEED757D-50F7-55CF-9FD8-D7DC314D7EB1}.Release|Any CPU.ActiveCfg = Release|Any CPU
		{DEED757D-50F7-55CF-9FD8-D7DC314D7EB1}.Release|Any CPU.Build.0 = Release|Any CPU
		{B27AC41A-E35B-FDCC-9BFD-237D45D6AD7E}.Debug|Any CPU.ActiveCfg = Debug|Any CPU
		{B27AC41A-E35B-FDCC-9BFD-237D45D6AD7E}.Debug|Any CPU.Build.0 = Debug|Any CPU
		{B27AC41A-E35B-FDCC-9BFD-237D45D6AD7E}.Release|Any CPU.ActiveCfg = Release|Any CPU
		{B27AC41A-E35B-FDCC-9BFD-237D45D6AD7E}.Release|Any CPU.Build.0 = Release|Any CPU
		{B54C73E5-6932-1104-571C-C22621820FA8}.Debug|Any CPU.ActiveCfg = Debug|Any CPU
		{B54C73E5-6932-1104-571C-C22621820FA8}.Debug|Any CPU.Build.0 = Debug|Any CPU
		{B54C73E5-6932-1104-571C-C22621820FA8}.Release|Any CPU.ActiveCfg = Release|Any CPU
		{B54C73E5-6932-1104-571C-C22621820FA8}.Release|Any CPU.Build.0 = Release|Any CPU
		{C93CC800-1C16-7BAC-D517-9630083A4F94}.Debug|Any CPU.ActiveCfg = Debug|Any CPU
		{C93CC800-1C16-7BAC-D517-9630083A4F94}.Debug|Any CPU.Build.0 = Debug|Any CPU
		{C93CC800-1C16-7BAC-D517-9630083A4F94}.Release|Any CPU.ActiveCfg = Release|Any CPU
		{C93CC800-1C16-7BAC-D517-9630083A4F94}.Release|Any CPU.Build.0 = Release|Any CPU
		{58AE884E-9A4C-0A6D-5B44-8C8695BC32E7}.Debug|Any CPU.ActiveCfg = Debug|Any CPU
		{58AE884E-9A4C-0A6D-5B44-8C8695BC32E7}.Debug|Any CPU.Build.0 = Debug|Any CPU
		{58AE884E-9A4C-0A6D-5B44-8C8695BC32E7}.Release|Any CPU.ActiveCfg = Release|Any CPU
		{58AE884E-9A4C-0A6D-5B44-8C8695BC32E7}.Release|Any CPU.Build.0 = Release|Any CPU
		{4F2BD8BD-3E5C-461B-0F36-4D65497A2F48}.Debug|Any CPU.ActiveCfg = Debug|Any CPU
		{4F2BD8BD-3E5C-461B-0F36-4D65497A2F48}.Debug|Any CPU.Build.0 = Debug|Any CPU
		{4F2BD8BD-3E5C-461B-0F36-4D65497A2F48}.Release|Any CPU.ActiveCfg = Release|Any CPU
		{4F2BD8BD-3E5C-461B-0F36-4D65497A2F48}.Release|Any CPU.Build.0 = Release|Any CPU
		{4D8B7D37-370C-C4E3-B767-821BCCC47510}.Debug|Any CPU.ActiveCfg = Debug|Any CPU
		{4D8B7D37-370C-C4E3-B767-821BCCC47510}.Debug|Any CPU.Build.0 = Debug|Any CPU
		{4D8B7D37-370C-C4E3-B767-821BCCC47510}.Release|Any CPU.ActiveCfg = Release|Any CPU
		{4D8B7D37-370C-C4E3-B767-821BCCC47510}.Release|Any CPU.Build.0 = Release|Any CPU
		{9FF35DC7-4A25-37F3-200D-BF459804DC7B}.Debug|Any CPU.ActiveCfg = Debug|Any CPU
		{9FF35DC7-4A25-37F3-200D-BF459804DC7B}.Debug|Any CPU.Build.0 = Debug|Any CPU
		{9FF35DC7-4A25-37F3-200D-BF459804DC7B}.Release|Any CPU.ActiveCfg = Release|Any CPU
		{9FF35DC7-4A25-37F3-200D-BF459804DC7B}.Release|Any CPU.Build.0 = Release|Any CPU
		{36C3A5DC-A6AC-922A-2DF9-02B7817959AB}.Debug|Any CPU.ActiveCfg = Debug|Any CPU
		{36C3A5DC-A6AC-922A-2DF9-02B7817959AB}.Debug|Any CPU.Build.0 = Debug|Any CPU
		{36C3A5DC-A6AC-922A-2DF9-02B7817959AB}.Release|Any CPU.ActiveCfg = Release|Any CPU
		{36C3A5DC-A6AC-922A-2DF9-02B7817959AB}.Release|Any CPU.Build.0 = Release|Any CPU
		{59AD356C-9595-3F0F-EF6A-ED6AC1821896}.Debug|Any CPU.ActiveCfg = Debug|Any CPU
		{59AD356C-9595-3F0F-EF6A-ED6AC1821896}.Debug|Any CPU.Build.0 = Debug|Any CPU
		{59AD356C-9595-3F0F-EF6A-ED6AC1821896}.Release|Any CPU.ActiveCfg = Release|Any CPU
		{59AD356C-9595-3F0F-EF6A-ED6AC1821896}.Release|Any CPU.Build.0 = Release|Any CPU
		{60688692-89B3-2041-A8AD-CB9F30B1EBA0}.Debug|Any CPU.ActiveCfg = Debug|Any CPU
		{60688692-89B3-2041-A8AD-CB9F30B1EBA0}.Debug|Any CPU.Build.0 = Debug|Any CPU
		{60688692-89B3-2041-A8AD-CB9F30B1EBA0}.Release|Any CPU.ActiveCfg = Release|Any CPU
		{60688692-89B3-2041-A8AD-CB9F30B1EBA0}.Release|Any CPU.Build.0 = Release|Any CPU
		{A1E2DA47-24A8-0922-2CCC-A7147BD323D7}.Debug|Any CPU.ActiveCfg = Debug|Any CPU
		{A1E2DA47-24A8-0922-2CCC-A7147BD323D7}.Debug|Any CPU.Build.0 = Debug|Any CPU
		{A1E2DA47-24A8-0922-2CCC-A7147BD323D7}.Release|Any CPU.ActiveCfg = Release|Any CPU
		{A1E2DA47-24A8-0922-2CCC-A7147BD323D7}.Release|Any CPU.Build.0 = Release|Any CPU
		{B9C67BD2-56D5-6F79-C5C8-1533B1F87DD7}.Debug|Any CPU.ActiveCfg = Debug|Any CPU
		{B9C67BD2-56D5-6F79-C5C8-1533B1F87DD7}.Debug|Any CPU.Build.0 = Debug|Any CPU
		{B9C67BD2-56D5-6F79-C5C8-1533B1F87DD7}.Release|Any CPU.ActiveCfg = Release|Any CPU
		{B9C67BD2-56D5-6F79-C5C8-1533B1F87DD7}.Release|Any CPU.Build.0 = Release|Any CPU
		{E90C8323-5CA9-CBF1-E117-355FB2658810}.Debug|Any CPU.ActiveCfg = Debug|Any CPU
		{E90C8323-5CA9-CBF1-E117-355FB2658810}.Debug|Any CPU.Build.0 = Debug|Any CPU
		{E90C8323-5CA9-CBF1-E117-355FB2658810}.Release|Any CPU.ActiveCfg = Release|Any CPU
		{E90C8323-5CA9-CBF1-E117-355FB2658810}.Release|Any CPU.Build.0 = Release|Any CPU
		{AE979790-67E8-0652-5070-DBAB780AB4FC}.Debug|Any CPU.ActiveCfg = Debug|Any CPU
		{AE979790-67E8-0652-5070-DBAB780AB4FC}.Debug|Any CPU.Build.0 = Debug|Any CPU
		{AE979790-67E8-0652-5070-DBAB780AB4FC}.Release|Any CPU.ActiveCfg = Release|Any CPU
		{AE979790-67E8-0652-5070-DBAB780AB4FC}.Release|Any CPU.Build.0 = Release|Any CPU
		{5326E137-C450-6800-DDA8-5EA8CA5B57D5}.Debug|Any CPU.ActiveCfg = Debug|Any CPU
		{5326E137-C450-6800-DDA8-5EA8CA5B57D5}.Debug|Any CPU.Build.0 = Debug|Any CPU
		{5326E137-C450-6800-DDA8-5EA8CA5B57D5}.Release|Any CPU.ActiveCfg = Release|Any CPU
		{5326E137-C450-6800-DDA8-5EA8CA5B57D5}.Release|Any CPU.Build.0 = Release|Any CPU
		{1F329D63-23D8-08F7-46EF-E616CCAFF2A4}.Debug|Any CPU.ActiveCfg = Debug|Any CPU
		{1F329D63-23D8-08F7-46EF-E616CCAFF2A4}.Debug|Any CPU.Build.0 = Debug|Any CPU
		{1F329D63-23D8-08F7-46EF-E616CCAFF2A4}.Release|Any CPU.ActiveCfg = Release|Any CPU
		{1F329D63-23D8-08F7-46EF-E616CCAFF2A4}.Release|Any CPU.Build.0 = Release|Any CPU
		{D6E07CC7-E4A2-BC45-125D-88C13BA70B08}.Debug|Any CPU.ActiveCfg = Debug|Any CPU
		{D6E07CC7-E4A2-BC45-125D-88C13BA70B08}.Debug|Any CPU.Build.0 = Debug|Any CPU
		{D6E07CC7-E4A2-BC45-125D-88C13BA70B08}.Release|Any CPU.ActiveCfg = Release|Any CPU
		{D6E07CC7-E4A2-BC45-125D-88C13BA70B08}.Release|Any CPU.Build.0 = Release|Any CPU
		{EDAE2654-1658-8FFC-38DC-4CED08C909C1}.Debug|Any CPU.ActiveCfg = Debug|Any CPU
		{EDAE2654-1658-8FFC-38DC-4CED08C909C1}.Debug|Any CPU.Build.0 = Debug|Any CPU
		{EDAE2654-1658-8FFC-38DC-4CED08C909C1}.Release|Any CPU.ActiveCfg = Release|Any CPU
		{EDAE2654-1658-8FFC-38DC-4CED08C909C1}.Release|Any CPU.Build.0 = Release|Any CPU
		{813F6C4A-0A3A-DD2A-E98F-C4D2A7787BBD}.Debug|Any CPU.ActiveCfg = Debug|Any CPU
		{813F6C4A-0A3A-DD2A-E98F-C4D2A7787BBD}.Debug|Any CPU.Build.0 = Debug|Any CPU
		{813F6C4A-0A3A-DD2A-E98F-C4D2A7787BBD}.Release|Any CPU.ActiveCfg = Release|Any CPU
		{813F6C4A-0A3A-DD2A-E98F-C4D2A7787BBD}.Release|Any CPU.Build.0 = Release|Any CPU
		{AEC4499C-DE7C-2EF0-047A-2DF44AF608BE}.Debug|Any CPU.ActiveCfg = Debug|Any CPU
		{AEC4499C-DE7C-2EF0-047A-2DF44AF608BE}.Debug|Any CPU.Build.0 = Debug|Any CPU
		{AEC4499C-DE7C-2EF0-047A-2DF44AF608BE}.Release|Any CPU.ActiveCfg = Release|Any CPU
		{AEC4499C-DE7C-2EF0-047A-2DF44AF608BE}.Release|Any CPU.Build.0 = Release|Any CPU
		{6350968B-31F0-3BC1-A8BF-369C8A4D3B9A}.Debug|Any CPU.ActiveCfg = Debug|Any CPU
		{6350968B-31F0-3BC1-A8BF-369C8A4D3B9A}.Debug|Any CPU.Build.0 = Debug|Any CPU
		{6350968B-31F0-3BC1-A8BF-369C8A4D3B9A}.Release|Any CPU.ActiveCfg = Release|Any CPU
		{6350968B-31F0-3BC1-A8BF-369C8A4D3B9A}.Release|Any CPU.Build.0 = Release|Any CPU
		{94C0C68D-896A-CDE7-89B9-3B1752287BF9}.Debug|Any CPU.ActiveCfg = Debug|Any CPU
		{94C0C68D-896A-CDE7-89B9-3B1752287BF9}.Debug|Any CPU.Build.0 = Debug|Any CPU
		{94C0C68D-896A-CDE7-89B9-3B1752287BF9}.Release|Any CPU.ActiveCfg = Release|Any CPU
		{94C0C68D-896A-CDE7-89B9-3B1752287BF9}.Release|Any CPU.Build.0 = Release|Any CPU
		{EFC1FA69-9A1E-F7D7-A556-AEF080D2D882}.Debug|Any CPU.ActiveCfg = Debug|Any CPU
		{EFC1FA69-9A1E-F7D7-A556-AEF080D2D882}.Debug|Any CPU.Build.0 = Debug|Any CPU
		{EFC1FA69-9A1E-F7D7-A556-AEF080D2D882}.Release|Any CPU.ActiveCfg = Release|Any CPU
		{EFC1FA69-9A1E-F7D7-A556-AEF080D2D882}.Release|Any CPU.Build.0 = Release|Any CPU
		{583B8964-ABBD-E996-2875-506A822C712A}.Debug|Any CPU.ActiveCfg = Debug|Any CPU
		{583B8964-ABBD-E996-2875-506A822C712A}.Debug|Any CPU.Build.0 = Debug|Any CPU
		{583B8964-ABBD-E996-2875-506A822C712A}.Release|Any CPU.ActiveCfg = Release|Any CPU
		{583B8964-ABBD-E996-2875-506A822C712A}.Release|Any CPU.Build.0 = Release|Any CPU
		{B5050928-CC71-96FB-1731-4CD317BB2613}.Debug|Any CPU.ActiveCfg = Debug|Any CPU
		{B5050928-CC71-96FB-1731-4CD317BB2613}.Debug|Any CPU.Build.0 = Debug|Any CPU
		{B5050928-CC71-96FB-1731-4CD317BB2613}.Release|Any CPU.ActiveCfg = Release|Any CPU
		{B5050928-CC71-96FB-1731-4CD317BB2613}.Release|Any CPU.Build.0 = Release|Any CPU
		{5B656093-F572-8207-E8F5-1F7A202F0BE1}.Debug|Any CPU.ActiveCfg = Debug|Any CPU
		{5B656093-F572-8207-E8F5-1F7A202F0BE1}.Debug|Any CPU.Build.0 = Debug|Any CPU
		{5B656093-F572-8207-E8F5-1F7A202F0BE1}.Release|Any CPU.ActiveCfg = Release|Any CPU
		{5B656093-F572-8207-E8F5-1F7A202F0BE1}.Release|Any CPU.Build.0 = Release|Any CPU
		{4F6B2C3F-E6A4-409D-5C1D-719472A3B34D}.Debug|Any CPU.ActiveCfg = Debug|Any CPU
		{4F6B2C3F-E6A4-409D-5C1D-719472A3B34D}.Debug|Any CPU.Build.0 = Debug|Any CPU
		{4F6B2C3F-E6A4-409D-5C1D-719472A3B34D}.Release|Any CPU.ActiveCfg = Release|Any CPU
		{4F6B2C3F-E6A4-409D-5C1D-719472A3B34D}.Release|Any CPU.Build.0 = Release|Any CPU
		{4606CACA-DB0D-275F-45E1-414A8F5204C3}.Debug|Any CPU.ActiveCfg = Debug|Any CPU
		{4606CACA-DB0D-275F-45E1-414A8F5204C3}.Debug|Any CPU.Build.0 = Debug|Any CPU
		{4606CACA-DB0D-275F-45E1-414A8F5204C3}.Release|Any CPU.ActiveCfg = Release|Any CPU
		{4606CACA-DB0D-275F-45E1-414A8F5204C3}.Release|Any CPU.Build.0 = Release|Any CPU
		{B6D5AF39-130D-9C35-40E3-4AE0CED1BEA7}.Debug|Any CPU.ActiveCfg = Debug|Any CPU
		{B6D5AF39-130D-9C35-40E3-4AE0CED1BEA7}.Debug|Any CPU.Build.0 = Debug|Any CPU
		{B6D5AF39-130D-9C35-40E3-4AE0CED1BEA7}.Release|Any CPU.ActiveCfg = Release|Any CPU
		{B6D5AF39-130D-9C35-40E3-4AE0CED1BEA7}.Release|Any CPU.Build.0 = Release|Any CPU
		{E174D5D2-DD6B-7478-495B-ACC87DDAE518}.Debug|Any CPU.ActiveCfg = Debug|Any CPU
		{E174D5D2-DD6B-7478-495B-ACC87DDAE518}.Debug|Any CPU.Build.0 = Debug|Any CPU
		{E174D5D2-DD6B-7478-495B-ACC87DDAE518}.Release|Any CPU.ActiveCfg = Release|Any CPU
		{E174D5D2-DD6B-7478-495B-ACC87DDAE518}.Release|Any CPU.Build.0 = Release|Any CPU
		{17084A17-E5A2-BA5C-98D8-75919AC70A90}.Debug|Any CPU.ActiveCfg = Debug|Any CPU
		{17084A17-E5A2-BA5C-98D8-75919AC70A90}.Debug|Any CPU.Build.0 = Debug|Any CPU
		{17084A17-E5A2-BA5C-98D8-75919AC70A90}.Release|Any CPU.ActiveCfg = Release|Any CPU
		{17084A17-E5A2-BA5C-98D8-75919AC70A90}.Release|Any CPU.Build.0 = Release|Any CPU
		{A96B3058-B391-46FC-507E-CA164F107A29}.Debug|Any CPU.ActiveCfg = Debug|Any CPU
		{A96B3058-B391-46FC-507E-CA164F107A29}.Debug|Any CPU.Build.0 = Debug|Any CPU
		{A96B3058-B391-46FC-507E-CA164F107A29}.Release|Any CPU.ActiveCfg = Release|Any CPU
		{A96B3058-B391-46FC-507E-CA164F107A29}.Release|Any CPU.Build.0 = Release|Any CPU
		{D4DEB329-4033-C7B3-F9AB-26206831F458}.Debug|Any CPU.ActiveCfg = Debug|Any CPU
		{D4DEB329-4033-C7B3-F9AB-26206831F458}.Debug|Any CPU.Build.0 = Debug|Any CPU
		{D4DEB329-4033-C7B3-F9AB-26206831F458}.Release|Any CPU.ActiveCfg = Release|Any CPU
		{D4DEB329-4033-C7B3-F9AB-26206831F458}.Release|Any CPU.Build.0 = Release|Any CPU
		{AF70B30D-2557-0A4F-DD2F-B57E6453D336}.Debug|Any CPU.ActiveCfg = Debug|Any CPU
		{AF70B30D-2557-0A4F-DD2F-B57E6453D336}.Debug|Any CPU.Build.0 = Debug|Any CPU
		{AF70B30D-2557-0A4F-DD2F-B57E6453D336}.Release|Any CPU.ActiveCfg = Release|Any CPU
		{AF70B30D-2557-0A4F-DD2F-B57E6453D336}.Release|Any CPU.Build.0 = Release|Any CPU
		{18059874-B3E7-0BBC-D7EF-67431CBDA79B}.Debug|Any CPU.ActiveCfg = Debug|Any CPU
		{18059874-B3E7-0BBC-D7EF-67431CBDA79B}.Debug|Any CPU.Build.0 = Debug|Any CPU
		{18059874-B3E7-0BBC-D7EF-67431CBDA79B}.Release|Any CPU.ActiveCfg = Release|Any CPU
		{18059874-B3E7-0BBC-D7EF-67431CBDA79B}.Release|Any CPU.Build.0 = Release|Any CPU
		{68D124E8-EEB5-850C-7260-E6EB52E1515D}.Debug|Any CPU.ActiveCfg = Debug|Any CPU
		{68D124E8-EEB5-850C-7260-E6EB52E1515D}.Debug|Any CPU.Build.0 = Debug|Any CPU
		{68D124E8-EEB5-850C-7260-E6EB52E1515D}.Release|Any CPU.ActiveCfg = Release|Any CPU
		{68D124E8-EEB5-850C-7260-E6EB52E1515D}.Release|Any CPU.Build.0 = Release|Any CPU
		{096F68B1-7582-F147-5D4E-C1AB0DB79937}.Debug|Any CPU.ActiveCfg = Debug|Any CPU
		{096F68B1-7582-F147-5D4E-C1AB0DB79937}.Debug|Any CPU.Build.0 = Debug|Any CPU
		{096F68B1-7582-F147-5D4E-C1AB0DB79937}.Release|Any CPU.ActiveCfg = Release|Any CPU
		{096F68B1-7582-F147-5D4E-C1AB0DB79937}.Release|Any CPU.Build.0 = Release|Any CPU
		{11A38239-F07E-20F1-7328-3DE9119758C1}.Debug|Any CPU.ActiveCfg = Debug|Any CPU
		{11A38239-F07E-20F1-7328-3DE9119758C1}.Debug|Any CPU.Build.0 = Debug|Any CPU
		{11A38239-F07E-20F1-7328-3DE9119758C1}.Release|Any CPU.ActiveCfg = Release|Any CPU
		{11A38239-F07E-20F1-7328-3DE9119758C1}.Release|Any CPU.Build.0 = Release|Any CPU
		{1C96CD2D-105D-5ECA-DF2F-8AD07A69B80F}.Debug|Any CPU.ActiveCfg = Debug|Any CPU
		{1C96CD2D-105D-5ECA-DF2F-8AD07A69B80F}.Debug|Any CPU.Build.0 = Debug|Any CPU
		{1C96CD2D-105D-5ECA-DF2F-8AD07A69B80F}.Release|Any CPU.ActiveCfg = Release|Any CPU
		{1C96CD2D-105D-5ECA-DF2F-8AD07A69B80F}.Release|Any CPU.Build.0 = Release|Any CPU
		{9152513F-9C7C-80A9-100D-E5CCECB34F74}.Debug|Any CPU.ActiveCfg = Debug|Any CPU
		{9152513F-9C7C-80A9-100D-E5CCECB34F74}.Debug|Any CPU.Build.0 = Debug|Any CPU
		{9152513F-9C7C-80A9-100D-E5CCECB34F74}.Release|Any CPU.ActiveCfg = Release|Any CPU
		{9152513F-9C7C-80A9-100D-E5CCECB34F74}.Release|Any CPU.Build.0 = Release|Any CPU
		{AFEEA224-241A-8213-DD26-38EEF432FF42}.Debug|Any CPU.ActiveCfg = Debug|Any CPU
		{AFEEA224-241A-8213-DD26-38EEF432FF42}.Debug|Any CPU.Build.0 = Debug|Any CPU
		{AFEEA224-241A-8213-DD26-38EEF432FF42}.Release|Any CPU.ActiveCfg = Release|Any CPU
		{AFEEA224-241A-8213-DD26-38EEF432FF42}.Release|Any CPU.Build.0 = Release|Any CPU
		{CB5E8428-63F8-4F86-8BF2-5D98E9BD8EC2}.Debug|Any CPU.ActiveCfg = Debug|Any CPU
		{CB5E8428-63F8-4F86-8BF2-5D98E9BD8EC2}.Debug|Any CPU.Build.0 = Debug|Any CPU
		{CB5E8428-63F8-4F86-8BF2-5D98E9BD8EC2}.Release|Any CPU.ActiveCfg = Release|Any CPU
		{CB5E8428-63F8-4F86-8BF2-5D98E9BD8EC2}.Release|Any CPU.Build.0 = Release|Any CPU
		{B3B8E05F-F833-EE7E-82E8-B2647862E74C}.Debug|Any CPU.ActiveCfg = Debug|Any CPU
		{B3B8E05F-F833-EE7E-82E8-B2647862E74C}.Debug|Any CPU.Build.0 = Debug|Any CPU
		{B3B8E05F-F833-EE7E-82E8-B2647862E74C}.Release|Any CPU.ActiveCfg = Release|Any CPU
		{B3B8E05F-F833-EE7E-82E8-B2647862E74C}.Release|Any CPU.Build.0 = Release|Any CPU
		{08B220CF-C69C-49BB-1BC8-764332D1BA8C}.Debug|Any CPU.ActiveCfg = Debug|Any CPU
		{08B220CF-C69C-49BB-1BC8-764332D1BA8C}.Debug|Any CPU.Build.0 = Debug|Any CPU
		{08B220CF-C69C-49BB-1BC8-764332D1BA8C}.Release|Any CPU.ActiveCfg = Release|Any CPU
		{08B220CF-C69C-49BB-1BC8-764332D1BA8C}.Release|Any CPU.Build.0 = Release|Any CPU
		{FA846282-56D7-A747-05E7-D5E45AAEE359}.Debug|Any CPU.ActiveCfg = Debug|Any CPU
		{FA846282-56D7-A747-05E7-D5E45AAEE359}.Debug|Any CPU.Build.0 = Debug|Any CPU
		{FA846282-56D7-A747-05E7-D5E45AAEE359}.Release|Any CPU.ActiveCfg = Release|Any CPU
		{FA846282-56D7-A747-05E7-D5E45AAEE359}.Release|Any CPU.Build.0 = Release|Any CPU
		{059FF3D7-6B2E-8BB0-E5AF-6E72B7E0984A}.Debug|Any CPU.ActiveCfg = Debug|Any CPU
		{059FF3D7-6B2E-8BB0-E5AF-6E72B7E0984A}.Debug|Any CPU.Build.0 = Debug|Any CPU
		{059FF3D7-6B2E-8BB0-E5AF-6E72B7E0984A}.Release|Any CPU.ActiveCfg = Release|Any CPU
		{059FF3D7-6B2E-8BB0-E5AF-6E72B7E0984A}.Release|Any CPU.Build.0 = Release|Any CPU
		{DA93EC1B-98E5-DA62-82D5-A1714C644142}.Debug|Any CPU.ActiveCfg = Debug|Any CPU
		{DA93EC1B-98E5-DA62-82D5-A1714C644142}.Debug|Any CPU.Build.0 = Debug|Any CPU
		{DA93EC1B-98E5-DA62-82D5-A1714C644142}.Release|Any CPU.ActiveCfg = Release|Any CPU
		{DA93EC1B-98E5-DA62-82D5-A1714C644142}.Release|Any CPU.Build.0 = Release|Any CPU
		{CBD700B5-A728-FB90-09CD-E6B895B9753A}.Debug|Any CPU.ActiveCfg = Debug|Any CPU
		{CBD700B5-A728-FB90-09CD-E6B895B9753A}.Debug|Any CPU.Build.0 = Debug|Any CPU
		{CBD700B5-A728-FB90-09CD-E6B895B9753A}.Release|Any CPU.ActiveCfg = Release|Any CPU
		{CBD700B5-A728-FB90-09CD-E6B895B9753A}.Release|Any CPU.Build.0 = Release|Any CPU
		{0A923883-BA45-BA7A-C710-23E2CD794A18}.Debug|Any CPU.ActiveCfg = Debug|Any CPU
		{0A923883-BA45-BA7A-C710-23E2CD794A18}.Debug|Any CPU.Build.0 = Debug|Any CPU
		{0A923883-BA45-BA7A-C710-23E2CD794A18}.Release|Any CPU.ActiveCfg = Release|Any CPU
		{0A923883-BA45-BA7A-C710-23E2CD794A18}.Release|Any CPU.Build.0 = Release|Any CPU
		{CF8FF094-41A0-927F-462B-C305D56FEEA0}.Debug|Any CPU.ActiveCfg = Debug|Any CPU
		{CF8FF094-41A0-927F-462B-C305D56FEEA0}.Debug|Any CPU.Build.0 = Debug|Any CPU
		{CF8FF094-41A0-927F-462B-C305D56FEEA0}.Release|Any CPU.ActiveCfg = Release|Any CPU
		{CF8FF094-41A0-927F-462B-C305D56FEEA0}.Release|Any CPU.Build.0 = Release|Any CPU
		{0B95DFA4-1A90-4DA9-5FBF-54AD71D0C2C5}.Debug|Any CPU.ActiveCfg = Debug|Any CPU
		{0B95DFA4-1A90-4DA9-5FBF-54AD71D0C2C5}.Debug|Any CPU.Build.0 = Debug|Any CPU
		{0B95DFA4-1A90-4DA9-5FBF-54AD71D0C2C5}.Release|Any CPU.ActiveCfg = Release|Any CPU
		{0B95DFA4-1A90-4DA9-5FBF-54AD71D0C2C5}.Release|Any CPU.Build.0 = Release|Any CPU
		{C03DFB6E-A5C7-EC11-DE7F-4A6C3EE46B95}.Debug|Any CPU.ActiveCfg = Debug|Any CPU
		{C03DFB6E-A5C7-EC11-DE7F-4A6C3EE46B95}.Debug|Any CPU.Build.0 = Debug|Any CPU
		{C03DFB6E-A5C7-EC11-DE7F-4A6C3EE46B95}.Release|Any CPU.ActiveCfg = Release|Any CPU
		{C03DFB6E-A5C7-EC11-DE7F-4A6C3EE46B95}.Release|Any CPU.Build.0 = Release|Any CPU
		{726A311D-0095-D6C9-BFAC-E2749AD9740C}.Debug|Any CPU.ActiveCfg = Debug|Any CPU
		{726A311D-0095-D6C9-BFAC-E2749AD9740C}.Debug|Any CPU.Build.0 = Debug|Any CPU
		{726A311D-0095-D6C9-BFAC-E2749AD9740C}.Release|Any CPU.ActiveCfg = Release|Any CPU
		{726A311D-0095-D6C9-BFAC-E2749AD9740C}.Release|Any CPU.Build.0 = Release|Any CPU
		{E4FBA710-4674-8511-6695-C7569B57ADB8}.Debug|Any CPU.ActiveCfg = Debug|Any CPU
		{E4FBA710-4674-8511-6695-C7569B57ADB8}.Debug|Any CPU.Build.0 = Debug|Any CPU
		{E4FBA710-4674-8511-6695-C7569B57ADB8}.Release|Any CPU.ActiveCfg = Release|Any CPU
		{E4FBA710-4674-8511-6695-C7569B57ADB8}.Release|Any CPU.Build.0 = Release|Any CPU
		{819F2EC7-FA3A-3C1C-3284-7926AE5C24C2}.Debug|Any CPU.ActiveCfg = Debug|Any CPU
		{819F2EC7-FA3A-3C1C-3284-7926AE5C24C2}.Debug|Any CPU.Build.0 = Debug|Any CPU
		{819F2EC7-FA3A-3C1C-3284-7926AE5C24C2}.Release|Any CPU.ActiveCfg = Release|Any CPU
		{819F2EC7-FA3A-3C1C-3284-7926AE5C24C2}.Release|Any CPU.Build.0 = Release|Any CPU
		{40AA4F78-7528-1651-FC84-6E8D5D78FA38}.Debug|Any CPU.ActiveCfg = Debug|Any CPU
		{40AA4F78-7528-1651-FC84-6E8D5D78FA38}.Debug|Any CPU.Build.0 = Debug|Any CPU
		{40AA4F78-7528-1651-FC84-6E8D5D78FA38}.Release|Any CPU.ActiveCfg = Release|Any CPU
		{40AA4F78-7528-1651-FC84-6E8D5D78FA38}.Release|Any CPU.Build.0 = Release|Any CPU
		{4CF250E9-AB69-3C5B-D366-68BFA54824D7}.Debug|Any CPU.ActiveCfg = Debug|Any CPU
		{4CF250E9-AB69-3C5B-D366-68BFA54824D7}.Debug|Any CPU.Build.0 = Debug|Any CPU
		{4CF250E9-AB69-3C5B-D366-68BFA54824D7}.Release|Any CPU.ActiveCfg = Release|Any CPU
		{4CF250E9-AB69-3C5B-D366-68BFA54824D7}.Release|Any CPU.Build.0 = Release|Any CPU
		{C7FD49AA-F8E6-DD8D-6557-C1A1E73F4D86}.Debug|Any CPU.ActiveCfg = Debug|Any CPU
		{C7FD49AA-F8E6-DD8D-6557-C1A1E73F4D86}.Debug|Any CPU.Build.0 = Debug|Any CPU
		{C7FD49AA-F8E6-DD8D-6557-C1A1E73F4D86}.Release|Any CPU.ActiveCfg = Release|Any CPU
		{C7FD49AA-F8E6-DD8D-6557-C1A1E73F4D86}.Release|Any CPU.Build.0 = Release|Any CPU
		{39A5238C-251C-4B06-BF8D-E5B6BF837651}.Debug|Any CPU.ActiveCfg = Debug|Any CPU
		{39A5238C-251C-4B06-BF8D-E5B6BF837651}.Debug|Any CPU.Build.0 = Debug|Any CPU
		{39A5238C-251C-4B06-BF8D-E5B6BF837651}.Release|Any CPU.ActiveCfg = Release|Any CPU
		{39A5238C-251C-4B06-BF8D-E5B6BF837651}.Release|Any CPU.Build.0 = Release|Any CPU
	EndGlobalSection
	GlobalSection(SolutionProperties) = preSolution
		HideSolutionNode = FALSE
	EndGlobalSection
EndGlobal
