
Microsoft Visual Studio Solution File, Format Version 12.00
# Visual Studio 15
Project("{FAE04EC0-301F-11D3-BF4B-00C04F79EFBC}") = "UnityEngine.UI", "UnityEngine.UI.csproj", "{E910D93B-B390-778B-EBA0-C749124D66DA}"
EndProject
Project("{FAE04EC0-301F-11D3-BF4B-00C04F79EFBC}") = "Assembly-CSharp", "Assembly-CSharp.csproj", "{EFF24A03-C530-CE74-FB15-333485853702}"
EndProject
Project("{FAE04EC0-301F-11D3-BF4B-00C04F79EFBC}") = "UnityEngine.TestRunner", "UnityEngine.TestRunner.csproj", "{80316CF7-8E1B-C49F-67A0-4F8E8C73CA1B}"
EndProject
Project("{FAE04EC0-301F-11D3-BF4B-00C04F79EFBC}") = "Unity.VisualScripting.Flow", "Unity.VisualScripting.Flow.csproj", "{ED735857-0B0E-B2C3-CB67-9F5BC18E0D04}"
EndProject
Project("{FAE04EC0-301F-11D3-BF4B-00C04F79EFBC}") = "Unity.Services.Core.Telemetry", "Unity.Services.Core.Telemetry.csproj", "{C8CD7486-8DF7-D4B7-1999-D9600677B2D9}"
EndProject
Project("{FAE04EC0-301F-11D3-BF4B-00C04F79EFBC}") = "Unity.VisualScripting.State", "Unity.VisualScripting.State.csproj", "{3B337094-911E-67F9-A469-00B3CE8BD28E}"
EndProject
Project("{FAE04EC0-301F-11D3-BF4B-00C04F79EFBC}") = "Unity.VisualScripting.Core", "Unity.VisualScripting.Core.csproj", "{C67F320D-6960-0892-97D1-797838CE086D}"
EndProject
Project("{FAE04EC0-301F-11D3-BF4B-00C04F79EFBC}") = "Unity.Services.Core.Environments.Internal", "Unity.Services.Core.Environments.Internal.csproj", "{9381D285-3A0D-B522-54E7-26BF6864578E}"
EndProject
Project("{FAE04EC0-301F-11D3-BF4B-00C04F79EFBC}") = "Unity.TextMeshPro", "Unity.TextMeshPro.csproj", "{3C89D469-5B22-B60F-5D5A-5F9360BF84F0}"
EndProject
Project("{FAE04EC0-301F-11D3-BF4B-00C04F79EFBC}") = "Unity.Timeline", "Unity.Timeline.csproj", "{ACE729F0-76F4-0E63-91DF-E7DBB6D95E8A}"
EndProject
Project("{FAE04EC0-301F-11D3-BF4B-00C04F79EFBC}") = "Unity.Services.Core.Environments", "Unity.Services.Core.Environments.csproj", "{11649AD2-6B78-9822-9CB8-4C7AD5733834}"
EndProject
Project("{FAE04EC0-301F-11D3-BF4B-00C04F79EFBC}") = "Unity.Services.Core.Internal", "Unity.Services.Core.Internal.csproj", "{4B23A790-8B6F-3224-91D9-BCA0C4C52B03}"
EndProject
Project("{FAE04EC0-301F-11D3-BF4B-00C04F79EFBC}") = "Unity.Services.Core.Analytics", "Unity.Services.Core.Analytics.csproj", "{E6FCECBA-33B6-9973-8DD1-DB573D6F6BC4}"
EndProject
Project("{FAE04EC0-301F-11D3-BF4B-00C04F79EFBC}") = "Unity.RemoteConfig", "Unity.RemoteConfig.csproj", "{C20541DE-475B-2ED7-EBEB-88732D08A1FB}"
EndProject
Project("{FAE04EC0-301F-11D3-BF4B-00C04F79EFBC}") = "Unity.Services.Core.Scheduler", "Unity.Services.Core.Scheduler.csproj", "{FEEB2E41-D9B1-4271-DFA5-6EA479F2B692}"
EndProject
Project("{FAE04EC0-301F-11D3-BF4B-00C04F79EFBC}") = "Unity.Services.Core.Registration", "Unity.Services.Core.Registration.csproj", "{9CB2222C-8C4A-D2BC-65C8-883FD77BF786}"
EndProject
Project("{FAE04EC0-301F-11D3-BF4B-00C04F79EFBC}") = "Unity.Services.Core.Device", "Unity.Services.Core.Device.csproj", "{8BF5116A-AA55-7C2B-F436-B4C8EA518DAB}"
EndProject
Project("{FAE04EC0-301F-11D3-BF4B-00C04F79EFBC}") = "Unity.Services.Core.Threading", "Unity.Services.Core.Threading.csproj", "{1A060A15-6C26-B5CA-3F5A-16C64EE6958C}"
EndProject
Project("{FAE04EC0-301F-11D3-BF4B-00C04F79EFBC}") = "Unity.Services.Core.Networking", "Unity.Services.Core.Networking.csproj", "{4858C8F3-72E6-72E6-AAB0-25884BE242BB}"
EndProject
Project("{FAE04EC0-301F-11D3-BF4B-00C04F79EFBC}") = "Unity.Services.Core", "Unity.Services.Core.csproj", "{854668AA-1AAB-09E6-CB4D-5F9961C444CD}"
EndProject
Project("{FAE04EC0-301F-11D3-BF4B-00C04F79EFBC}") = "Unity.Services.Core.Configuration", "Unity.Services.Core.Configuration.csproj", "{1D0D903D-42BB-3444-691B-5BE7BC0C3073}"
EndProject
Project("{FAE04EC0-301F-11D3-BF4B-00C04F79EFBC}") = "Unity.RemoteConfig.Editor.Core", "Unity.RemoteConfig.Editor.Core.csproj", "{D60580A9-36C4-0F8E-C45B-25B43FBD3FAD}"
EndProject
Project("{FAE04EC0-301F-11D3-BF4B-00C04F79EFBC}") = "Backtrace.Unity", "Backtrace.Unity.csproj", "{68EAAB61-5E53-70F0-A56A-B7A37C8E84A1}"
EndProject
Project("{FAE04EC0-301F-11D3-BF4B-00C04F79EFBC}") = "Unity.PlasticSCM.Editor", "Unity.PlasticSCM.Editor.csproj", "{BDD84ABB-43A9-B4FC-A2F7-71E3F347E905}"
EndProject
Project("{FAE04EC0-301F-11D3-BF4B-00C04F79EFBC}") = "Unity.VisualScripting.Core.Editor", "Unity.VisualScripting.Core.Editor.csproj", "{4A2D942F-3831-841A-94D4-27E4E028F792}"
EndProject
Project("{FAE04EC0-301F-11D3-BF4B-00C04F79EFBC}") = "Unity.VisualScripting.Flow.Editor", "Unity.VisualScripting.Flow.Editor.csproj", "{BE2E4F00-BC44-5588-BACD-F0863E72AC9E}"
EndProject
Project("{FAE04EC0-301F-11D3-BF4B-00C04F79EFBC}") = "Unity.VisualStudio.Editor", "Unity.VisualStudio.Editor.csproj", "{F9906946-B2C3-D83C-5B74-9E8F12C7CAE7}"
EndProject
Project("{FAE04EC0-301F-11D3-BF4B-00C04F79EFBC}") = "Unity.Timeline.Editor", "Unity.Timeline.Editor.csproj", "{F62620A2-E884-D622-E95A-DA52F0E8275B}"
EndProject
Project("{FAE04EC0-301F-11D3-BF4B-00C04F79EFBC}") = "Unity.VisualScripting.State.Editor", "Unity.VisualScripting.State.Editor.csproj", "{83DCCD80-A769-02C4-C4CD-5CB07DBB73BB}"
EndProject
Project("{FAE04EC0-301F-11D3-BF4B-00C04F79EFBC}") = "Unity.TextMeshPro.Editor", "Unity.TextMeshPro.Editor.csproj", "{E6DAA98A-2754-3991-DD8A-501AA7289EBF}"
EndProject
Project("{FAE04EC0-301F-11D3-BF4B-00C04F79EFBC}") = "Unity.VisualScripting.SettingsProvider.Editor", "Unity.VisualScripting.SettingsProvider.Editor.csproj", "{81BF23F4-00D7-9180-10EC-B9E4743D197C}"
EndProject
Project("{FAE04EC0-301F-11D3-BF4B-00C04F79EFBC}") = "Unity.CollabProxy.Editor", "Unity.CollabProxy.Editor.csproj", "{BA3B5058-D3FE-C565-5ED2-3394E6FD6B57}"
EndProject
Project("{FAE04EC0-301F-11D3-BF4B-00C04F79EFBC}") = "UnityEditor.TestRunner", "UnityEditor.TestRunner.csproj", "{4CF7A1AF-6FB3-C417-27B2-2E5DE31FF08D}"
EndProject
Project("{FAE04EC0-301F-11D3-BF4B-00C04F79EFBC}") = "Unity.Services.Core.Editor", "Unity.Services.Core.Editor.csproj", "{A72EBFD0-A612-2241-349C-FA5BE65C7B15}"
EndProject
Project("{FAE04EC0-301F-11D3-BF4B-00C04F79EFBC}") = "Unity.TestTools.CodeCoverage.Editor", "Unity.TestTools.CodeCoverage.Editor.csproj", "{60A3DE76-6075-6FF2-6764-299A289090B3}"
EndProject
Project("{FAE04EC0-301F-11D3-BF4B-00C04F79EFBC}") = "Unity.Rider.Editor", "Unity.Rider.Editor.csproj", "{A3D9937D-9917-5EE7-133F-7F81E4211A2A}"
EndProject
Project("{FAE04EC0-301F-11D3-BF4B-00C04F79EFBC}") = "Unity.RemoteConfig.Editor", "Unity.RemoteConfig.Editor.csproj", "{06AB3FE2-81DE-6E53-7A35-644C9162E2FA}"
EndProject
Project("{FAE04EC0-301F-11D3-BF4B-00C04F79EFBC}") = "Assembly-CSharp-Editor", "Assembly-CSharp-Editor.csproj", "{BC801FE0-650B-E11B-EEE7-167275E49D78}"
EndProject
Project("{FAE04EC0-301F-11D3-BF4B-00C04F79EFBC}") = "Unity.Performance.Profile-Analyzer.Editor", "Unity.Performance.Profile-Analyzer.Editor.csproj", "{B4420B76-FF05-9BE2-5B66-89501CE96292}"
EndProject
Project("{FAE04EC0-301F-11D3-BF4B-00C04F79EFBC}") = "Unity.VSCode.Editor", "Unity.VSCode.Editor.csproj", "{7E3E9200-DA0A-9126-5D84-5AA6ECC13C64}"
EndProject
Project("{FAE04EC0-301F-11D3-BF4B-00C04F79EFBC}") = "UnityEditor.UI", "UnityEditor.UI.csproj", "{4D704655-3A7F-3AD3-D584-F112A0EDF8ED}"
EndProject
Project("{FAE04EC0-301F-11D3-BF4B-00C04F79EFBC}") = "Unity.TestTools.CodeCoverage.Editor.OpenCover.Model", "Unity.TestTools.CodeCoverage.Editor.OpenCover.Model.csproj", "{124472A1-1DBE-8AD5-1A2B-FCC6020FF952}"
EndProject
Project("{FAE04EC0-301F-11D3-BF4B-00C04F79EFBC}") = "Unity.EditorCoroutines.Editor", "Unity.EditorCoroutines.Editor.csproj", "{1E91FEB5-508F-1950-62B8-F93BA9A9BA0D}"
EndProject
Project("{FAE04EC0-301F-11D3-BF4B-00C04F79EFBC}") = "Unity.Settings.Editor", "Unity.Settings.Editor.csproj", "{EDE363FA-43A4-9CDB-F094-BABB59FAF4FF}"
EndProject
Project("{FAE04EC0-301F-11D3-BF4B-00C04F79EFBC}") = "Unity.Services.Core.Configuration.Editor", "Unity.Services.Core.Configuration.Editor.csproj", "{B9A1C821-3761-6FD8-7C7B-FC39CF766419}"
EndProject
Project("{FAE04EC0-301F-11D3-BF4B-00C04F79EFBC}") = "Unity.TestTools.CodeCoverage.Editor.OpenCover.Mono.Reflection", "Unity.TestTools.CodeCoverage.Editor.OpenCover.Mono.Reflection.csproj", "{861A0F66-3CF4-F71E-0631-BC3FAADCC597}"
EndProject
Project("{FAE04EC0-301F-11D3-BF4B-00C04F79EFBC}") = "Unity.VisualScripting.Shared.Editor", "Unity.VisualScripting.Shared.Editor.csproj", "{09219F5C-D749-04BE-519C-DBBDF004411A}"
EndProject
Project("{FAE04EC0-301F-11D3-BF4B-00C04F79EFBC}") = "Backtrace.Unity.Editor", "Backtrace.Unity.Editor.csproj", "{50B6EC91-306E-7BF8-284D-99B0648DF20E}"
EndProject
Project("{FAE04EC0-301F-11D3-BF4B-00C04F79EFBC}") = "UnityEngine.UI", "UnityEngine.UI.Player.csproj", "{0DF2CF51-5FA4-FDDB-2CB2-7C8E207FBAD4}"
EndProject
Project("{FAE04EC0-301F-11D3-BF4B-00C04F79EFBC}") = "Assembly-CSharp", "Assembly-CSharp.Player.csproj", "{1B0E9770-59F5-4549-6CDA-682E43D47B0A}"
EndProject
Project("{FAE04EC0-301F-11D3-BF4B-00C04F79EFBC}") = "UnityEngine.TestRunner", "UnityEngine.TestRunner.Player.csproj", "{F2DB4337-1D11-44A4-077C-576CD9DB8D7B}"
EndProject
Project("{FAE04EC0-301F-11D3-BF4B-00C04F79EFBC}") = "Unity.VisualScripting.Flow", "Unity.VisualScripting.Flow.Player.csproj", "{A3EEC423-E9B6-145B-F050-DDD4C3467C4C}"
EndProject
Project("{FAE04EC0-301F-11D3-BF4B-00C04F79EFBC}") = "Unity.Services.Core.Telemetry", "Unity.Services.Core.Telemetry.Player.csproj", "{03D4FEC7-F242-F716-7CEF-CCA2D5E1F290}"
EndProject
Project("{FAE04EC0-301F-11D3-BF4B-00C04F79EFBC}") = "Unity.VisualScripting.State", "Unity.VisualScripting.State.Player.csproj", "{B598978C-6219-D9C2-F7ED-12239517E71A}"
EndProject
Project("{FAE04EC0-301F-11D3-BF4B-00C04F79EFBC}") = "Unity.VisualScripting.Core", "Unity.VisualScripting.Core.Player.csproj", "{63DBD19F-5BD9-9974-46D6-CAE06E7F15C0}"
EndProject
Project("{FAE04EC0-301F-11D3-BF4B-00C04F79EFBC}") = "Unity.Services.Core.Environments.Internal", "Unity.Services.Core.Environments.Internal.Player.csproj", "{66F2BDD6-6E0F-B920-F8A4-7E0D29219075}"
EndProject
Project("{FAE04EC0-301F-11D3-BF4B-00C04F79EFBC}") = "Unity.TextMeshPro", "Unity.TextMeshPro.Player.csproj", "{0BA16094-ECDD-4456-FC39-4194F3CF3195}"
EndProject
Project("{FAE04EC0-301F-11D3-BF4B-00C04F79EFBC}") = "Unity.Timeline", "Unity.Timeline.Player.csproj", "{93E9FC51-7D9A-C8B9-2F44-957D5F5F4839}"
EndProject
Project("{FAE04EC0-301F-11D3-BF4B-00C04F79EFBC}") = "Unity.Services.Core.Environments", "Unity.Services.Core.Environments.Player.csproj", "{7D611B39-43DB-F45D-FF3A-F960CFB59A55}"
EndProject
Project("{FAE04EC0-301F-11D3-BF4B-00C04F79EFBC}") = "Unity.Services.Core.Internal", "Unity.Services.Core.Internal.Player.csproj", "{B689AE66-26D3-5EA9-FEFD-BA3A5EDFBEAF}"
EndProject
Project("{FAE04EC0-301F-11D3-BF4B-00C04F79EFBC}") = "Unity.Services.Core.Analytics", "Unity.Services.Core.Analytics.Player.csproj", "{4AD57D07-1F5E-583B-E06B-2ED1745402AC}"
EndProject
Project("{FAE04EC0-301F-11D3-BF4B-00C04F79EFBC}") = "Unity.RemoteConfig", "Unity.RemoteConfig.Player.csproj", "{2D64C947-5315-4117-DE10-4D63A896F868}"
EndProject
Project("{FAE04EC0-301F-11D3-BF4B-00C04F79EFBC}") = "Unity.Services.Core.Scheduler", "Unity.Services.Core.Scheduler.Player.csproj", "{27F096A1-5E25-ADD1-BF8B-65734937F040}"
EndProject
Project("{FAE04EC0-301F-11D3-BF4B-00C04F79EFBC}") = "Unity.Services.Core.Registration", "Unity.Services.Core.Registration.Player.csproj", "{E7B91591-F7A9-CC65-FD7B-C7F1F06301EF}"
EndProject
Project("{FAE04EC0-301F-11D3-BF4B-00C04F79EFBC}") = "Unity.Services.Core.Device", "Unity.Services.Core.Device.Player.csproj", "{B133827A-4513-367F-8E44-1C18A0DCFA56}"
EndProject
Project("{FAE04EC0-301F-11D3-BF4B-00C04F79EFBC}") = "Unity.Services.Core.Threading", "Unity.Services.Core.Threading.Player.csproj", "{E7A482E9-CF01-77E9-AF51-5DBEA3189D17}"
EndProject
Project("{FAE04EC0-301F-11D3-BF4B-00C04F79EFBC}") = "Unity.Services.Core.Networking", "Unity.Services.Core.Networking.Player.csproj", "{AC648BEC-F55D-F7F6-A42D-B73CDB80D344}"
EndProject
Project("{FAE04EC0-301F-11D3-BF4B-00C04F79EFBC}") = "Unity.Services.Core", "Unity.Services.Core.Player.csproj", "{076D7404-140E-92EF-8F63-24CF8AA7D056}"
EndProject
Project("{FAE04EC0-301F-11D3-BF4B-00C04F79EFBC}") = "Unity.Services.Core.Configuration", "Unity.Services.Core.Configuration.Player.csproj", "{19DA39BC-BA54-73DB-B67B-A3759A49F82F}"
EndProject
Project("{FAE04EC0-301F-11D3-BF4B-00C04F79EFBC}") = "Unity.RemoteConfig.Editor.Core", "Unity.RemoteConfig.Editor.Core.Player.csproj", "{E62B07D2-8E01-09D3-F036-D22009698C1D}"
EndProject
Project("{FAE04EC0-301F-11D3-BF4B-00C04F79EFBC}") = "Backtrace.Unity", "Backtrace.Unity.Player.csproj", "{73E3A245-05E3-FC38-5BD1-F21468FD56A8}"
EndProject
Global
	GlobalSection(SolutionConfigurationPlatforms) = preSolution
		Debug|Any CPU = Debug|Any CPU
		Release|Any CPU = Release|Any CPU
	EndGlobalSection
	GlobalSection(ProjectConfigurationPlatforms) = postSolution
		{E910D93B-B390-778B-EBA0-C749124D66DA}.Debug|Any CPU.ActiveCfg = Debug|Any CPU
		{E910D93B-B390-778B-EBA0-C749124D66DA}.Debug|Any CPU.Build.0 = Debug|Any CPU
		{E910D93B-B390-778B-EBA0-C749124D66DA}.Release|Any CPU.ActiveCfg = Release|Any CPU
		{E910D93B-B390-778B-EBA0-C749124D66DA}.Release|Any CPU.Build.0 = Release|Any CPU
		{EFF24A03-C530-CE74-FB15-333485853702}.Debug|Any CPU.ActiveCfg = Debug|Any CPU
		{EFF24A03-C530-CE74-FB15-333485853702}.Debug|Any CPU.Build.0 = Debug|Any CPU
		{EFF24A03-C530-CE74-FB15-333485853702}.Release|Any CPU.ActiveCfg = Release|Any CPU
		{EFF24A03-C530-CE74-FB15-333485853702}.Release|Any CPU.Build.0 = Release|Any CPU
		{80316CF7-8E1B-C49F-67A0-4F8E8C73CA1B}.Debug|Any CPU.ActiveCfg = Debug|Any CPU
		{80316CF7-8E1B-C49F-67A0-4F8E8C73CA1B}.Debug|Any CPU.Build.0 = Debug|Any CPU
		{80316CF7-8E1B-C49F-67A0-4F8E8C73CA1B}.Release|Any CPU.ActiveCfg = Release|Any CPU
		{80316CF7-8E1B-C49F-67A0-4F8E8C73CA1B}.Release|Any CPU.Build.0 = Release|Any CPU
		{ED735857-0B0E-B2C3-CB67-9F5BC18E0D04}.Debug|Any CPU.ActiveCfg = Debug|Any CPU
		{ED735857-0B0E-B2C3-CB67-9F5BC18E0D04}.Debug|Any CPU.Build.0 = Debug|Any CPU
		{ED735857-0B0E-B2C3-CB67-9F5BC18E0D04}.Release|Any CPU.ActiveCfg = Release|Any CPU
		{ED735857-0B0E-B2C3-CB67-9F5BC18E0D04}.Release|Any CPU.Build.0 = Release|Any CPU
		{C8CD7486-8DF7-D4B7-1999-D9600677B2D9}.Debug|Any CPU.ActiveCfg = Debug|Any CPU
		{C8CD7486-8DF7-D4B7-1999-D9600677B2D9}.Debug|Any CPU.Build.0 = Debug|Any CPU
		{C8CD7486-8DF7-D4B7-1999-D9600677B2D9}.Release|Any CPU.ActiveCfg = Release|Any CPU
		{C8CD7486-8DF7-D4B7-1999-D9600677B2D9}.Release|Any CPU.Build.0 = Release|Any CPU
		{3B337094-911E-67F9-A469-00B3CE8BD28E}.Debug|Any CPU.ActiveCfg = Debug|Any CPU
		{3B337094-911E-67F9-A469-00B3CE8BD28E}.Debug|Any CPU.Build.0 = Debug|Any CPU
		{3B337094-911E-67F9-A469-00B3CE8BD28E}.Release|Any CPU.ActiveCfg = Release|Any CPU
		{3B337094-911E-67F9-A469-00B3CE8BD28E}.Release|Any CPU.Build.0 = Release|Any CPU
		{C67F320D-6960-0892-97D1-797838CE086D}.Debug|Any CPU.ActiveCfg = Debug|Any CPU
		{C67F320D-6960-0892-97D1-797838CE086D}.Debug|Any CPU.Build.0 = Debug|Any CPU
		{C67F320D-6960-0892-97D1-797838CE086D}.Release|Any CPU.ActiveCfg = Release|Any CPU
		{C67F320D-6960-0892-97D1-797838CE086D}.Release|Any CPU.Build.0 = Release|Any CPU
		{9381D285-3A0D-B522-54E7-26BF6864578E}.Debug|Any CPU.ActiveCfg = Debug|Any CPU
		{9381D285-3A0D-B522-54E7-26BF6864578E}.Debug|Any CPU.Build.0 = Debug|Any CPU
		{9381D285-3A0D-B522-54E7-26BF6864578E}.Release|Any CPU.ActiveCfg = Release|Any CPU
		{9381D285-3A0D-B522-54E7-26BF6864578E}.Release|Any CPU.Build.0 = Release|Any CPU
		{3C89D469-5B22-B60F-5D5A-5F9360BF84F0}.Debug|Any CPU.ActiveCfg = Debug|Any CPU
		{3C89D469-5B22-B60F-5D5A-5F9360BF84F0}.Debug|Any CPU.Build.0 = Debug|Any CPU
		{3C89D469-5B22-B60F-5D5A-5F9360BF84F0}.Release|Any CPU.ActiveCfg = Release|Any CPU
		{3C89D469-5B22-B60F-5D5A-5F9360BF84F0}.Release|Any CPU.Build.0 = Release|Any CPU
		{ACE729F0-76F4-0E63-91DF-E7DBB6D95E8A}.Debug|Any CPU.ActiveCfg = Debug|Any CPU
		{ACE729F0-76F4-0E63-91DF-E7DBB6D95E8A}.Debug|Any CPU.Build.0 = Debug|Any CPU
		{ACE729F0-76F4-0E63-91DF-E7DBB6D95E8A}.Release|Any CPU.ActiveCfg = Release|Any CPU
		{ACE729F0-76F4-0E63-91DF-E7DBB6D95E8A}.Release|Any CPU.Build.0 = Release|Any CPU
		{11649AD2-6B78-9822-9CB8-4C7AD5733834}.Debug|Any CPU.ActiveCfg = Debug|Any CPU
		{11649AD2-6B78-9822-9CB8-4C7AD5733834}.Debug|Any CPU.Build.0 = Debug|Any CPU
		{11649AD2-6B78-9822-9CB8-4C7AD5733834}.Release|Any CPU.ActiveCfg = Release|Any CPU
		{11649AD2-6B78-9822-9CB8-4C7AD5733834}.Release|Any CPU.Build.0 = Release|Any CPU
		{4B23A790-8B6F-3224-91D9-BCA0C4C52B03}.Debug|Any CPU.ActiveCfg = Debug|Any CPU
		{4B23A790-8B6F-3224-91D9-BCA0C4C52B03}.Debug|Any CPU.Build.0 = Debug|Any CPU
		{4B23A790-8B6F-3224-91D9-BCA0C4C52B03}.Release|Any CPU.ActiveCfg = Release|Any CPU
		{4B23A790-8B6F-3224-91D9-BCA0C4C52B03}.Release|Any CPU.Build.0 = Release|Any CPU
		{E6FCECBA-33B6-9973-8DD1-DB573D6F6BC4}.Debug|Any CPU.ActiveCfg = Debug|Any CPU
		{E6FCECBA-33B6-9973-8DD1-DB573D6F6BC4}.Debug|Any CPU.Build.0 = Debug|Any CPU
		{E6FCECBA-33B6-9973-8DD1-DB573D6F6BC4}.Release|Any CPU.ActiveCfg = Release|Any CPU
		{E6FCECBA-33B6-9973-8DD1-DB573D6F6BC4}.Release|Any CPU.Build.0 = Release|Any CPU
		{C20541DE-475B-2ED7-EBEB-88732D08A1FB}.Debug|Any CPU.ActiveCfg = Debug|Any CPU
		{C20541DE-475B-2ED7-EBEB-88732D08A1FB}.Debug|Any CPU.Build.0 = Debug|Any CPU
		{C20541DE-475B-2ED7-EBEB-88732D08A1FB}.Release|Any CPU.ActiveCfg = Release|Any CPU
		{C20541DE-475B-2ED7-EBEB-88732D08A1FB}.Release|Any CPU.Build.0 = Release|Any CPU
		{FEEB2E41-D9B1-4271-DFA5-6EA479F2B692}.Debug|Any CPU.ActiveCfg = Debug|Any CPU
		{FEEB2E41-D9B1-4271-DFA5-6EA479F2B692}.Debug|Any CPU.Build.0 = Debug|Any CPU
		{FEEB2E41-D9B1-4271-DFA5-6EA479F2B692}.Release|Any CPU.ActiveCfg = Release|Any CPU
		{FEEB2E41-D9B1-4271-DFA5-6EA479F2B692}.Release|Any CPU.Build.0 = Release|Any CPU
		{9CB2222C-8C4A-D2BC-65C8-883FD77BF786}.Debug|Any CPU.ActiveCfg = Debug|Any CPU
		{9CB2222C-8C4A-D2BC-65C8-883FD77BF786}.Debug|Any CPU.Build.0 = Debug|Any CPU
		{9CB2222C-8C4A-D2BC-65C8-883FD77BF786}.Release|Any CPU.ActiveCfg = Release|Any CPU
		{9CB2222C-8C4A-D2BC-65C8-883FD77BF786}.Release|Any CPU.Build.0 = Release|Any CPU
		{8BF5116A-AA55-7C2B-F436-B4C8EA518DAB}.Debug|Any CPU.ActiveCfg = Debug|Any CPU
		{8BF5116A-AA55-7C2B-F436-B4C8EA518DAB}.Debug|Any CPU.Build.0 = Debug|Any CPU
		{8BF5116A-AA55-7C2B-F436-B4C8EA518DAB}.Release|Any CPU.ActiveCfg = Release|Any CPU
		{8BF5116A-AA55-7C2B-F436-B4C8EA518DAB}.Release|Any CPU.Build.0 = Release|Any CPU
		{1A060A15-6C26-B5CA-3F5A-16C64EE6958C}.Debug|Any CPU.ActiveCfg = Debug|Any CPU
		{1A060A15-6C26-B5CA-3F5A-16C64EE6958C}.Debug|Any CPU.Build.0 = Debug|Any CPU
		{1A060A15-6C26-B5CA-3F5A-16C64EE6958C}.Release|Any CPU.ActiveCfg = Release|Any CPU
		{1A060A15-6C26-B5CA-3F5A-16C64EE6958C}.Release|Any CPU.Build.0 = Release|Any CPU
		{4858C8F3-72E6-72E6-AAB0-25884BE242BB}.Debug|Any CPU.ActiveCfg = Debug|Any CPU
		{4858C8F3-72E6-72E6-AAB0-25884BE242BB}.Debug|Any CPU.Build.0 = Debug|Any CPU
		{4858C8F3-72E6-72E6-AAB0-25884BE242BB}.Release|Any CPU.ActiveCfg = Release|Any CPU
		{4858C8F3-72E6-72E6-AAB0-25884BE242BB}.Release|Any CPU.Build.0 = Release|Any CPU
		{854668AA-1AAB-09E6-CB4D-5F9961C444CD}.Debug|Any CPU.ActiveCfg = Debug|Any CPU
		{854668AA-1AAB-09E6-CB4D-5F9961C444CD}.Debug|Any CPU.Build.0 = Debug|Any CPU
		{854668AA-1AAB-09E6-CB4D-5F9961C444CD}.Release|Any CPU.ActiveCfg = Release|Any CPU
		{854668AA-1AAB-09E6-CB4D-5F9961C444CD}.Release|Any CPU.Build.0 = Release|Any CPU
		{1D0D903D-42BB-3444-691B-5BE7BC0C3073}.Debug|Any CPU.ActiveCfg = Debug|Any CPU
		{1D0D903D-42BB-3444-691B-5BE7BC0C3073}.Debug|Any CPU.Build.0 = Debug|Any CPU
		{1D0D903D-42BB-3444-691B-5BE7BC0C3073}.Release|Any CPU.ActiveCfg = Release|Any CPU
		{1D0D903D-42BB-3444-691B-5BE7BC0C3073}.Release|Any CPU.Build.0 = Release|Any CPU
		{D60580A9-36C4-0F8E-C45B-25B43FBD3FAD}.Debug|Any CPU.ActiveCfg = Debug|Any CPU
		{D60580A9-36C4-0F8E-C45B-25B43FBD3FAD}.Debug|Any CPU.Build.0 = Debug|Any CPU
		{D60580A9-36C4-0F8E-C45B-25B43FBD3FAD}.Release|Any CPU.ActiveCfg = Release|Any CPU
		{D60580A9-36C4-0F8E-C45B-25B43FBD3FAD}.Release|Any CPU.Build.0 = Release|Any CPU
		{68EAAB61-5E53-70F0-A56A-B7A37C8E84A1}.Debug|Any CPU.ActiveCfg = Debug|Any CPU
		{68EAAB61-5E53-70F0-A56A-B7A37C8E84A1}.Debug|Any CPU.Build.0 = Debug|Any CPU
		{68EAAB61-5E53-70F0-A56A-B7A37C8E84A1}.Release|Any CPU.ActiveCfg = Release|Any CPU
		{68EAAB61-5E53-70F0-A56A-B7A37C8E84A1}.Release|Any CPU.Build.0 = Release|Any CPU
		{BDD84ABB-43A9-B4FC-A2F7-71E3F347E905}.Debug|Any CPU.ActiveCfg = Debug|Any CPU
		{BDD84ABB-43A9-B4FC-A2F7-71E3F347E905}.Debug|Any CPU.Build.0 = Debug|Any CPU
		{BDD84ABB-43A9-B4FC-A2F7-71E3F347E905}.Release|Any CPU.ActiveCfg = Release|Any CPU
		{BDD84ABB-43A9-B4FC-A2F7-71E3F347E905}.Release|Any CPU.Build.0 = Release|Any CPU
		{4A2D942F-3831-841A-94D4-27E4E028F792}.Debug|Any CPU.ActiveCfg = Debug|Any CPU
		{4A2D942F-3831-841A-94D4-27E4E028F792}.Debug|Any CPU.Build.0 = Debug|Any CPU
		{4A2D942F-3831-841A-94D4-27E4E028F792}.Release|Any CPU.ActiveCfg = Release|Any CPU
		{4A2D942F-3831-841A-94D4-27E4E028F792}.Release|Any CPU.Build.0 = Release|Any CPU
		{BE2E4F00-BC44-5588-BACD-F0863E72AC9E}.Debug|Any CPU.ActiveCfg = Debug|Any CPU
		{BE2E4F00-BC44-5588-BACD-F0863E72AC9E}.Debug|Any CPU.Build.0 = Debug|Any CPU
		{BE2E4F00-BC44-5588-BACD-F0863E72AC9E}.Release|Any CPU.ActiveCfg = Release|Any CPU
		{BE2E4F00-BC44-5588-BACD-F0863E72AC9E}.Release|Any CPU.Build.0 = Release|Any CPU
		{F9906946-B2C3-D83C-5B74-9E8F12C7CAE7}.Debug|Any CPU.ActiveCfg = Debug|Any CPU
		{F9906946-B2C3-D83C-5B74-9E8F12C7CAE7}.Debug|Any CPU.Build.0 = Debug|Any CPU
		{F9906946-B2C3-D83C-5B74-9E8F12C7CAE7}.Release|Any CPU.ActiveCfg = Release|Any CPU
		{F9906946-B2C3-D83C-5B74-9E8F12C7CAE7}.Release|Any CPU.Build.0 = Release|Any CPU
		{F62620A2-E884-D622-E95A-DA52F0E8275B}.Debug|Any CPU.ActiveCfg = Debug|Any CPU
		{F62620A2-E884-D622-E95A-DA52F0E8275B}.Debug|Any CPU.Build.0 = Debug|Any CPU
		{F62620A2-E884-D622-E95A-DA52F0E8275B}.Release|Any CPU.ActiveCfg = Release|Any CPU
		{F62620A2-E884-D622-E95A-DA52F0E8275B}.Release|Any CPU.Build.0 = Release|Any CPU
		{83DCCD80-A769-02C4-C4CD-5CB07DBB73BB}.Debug|Any CPU.ActiveCfg = Debug|Any CPU
		{83DCCD80-A769-02C4-C4CD-5CB07DBB73BB}.Debug|Any CPU.Build.0 = Debug|Any CPU
		{83DCCD80-A769-02C4-C4CD-5CB07DBB73BB}.Release|Any CPU.ActiveCfg = Release|Any CPU
		{83DCCD80-A769-02C4-C4CD-5CB07DBB73BB}.Release|Any CPU.Build.0 = Release|Any CPU
		{E6DAA98A-2754-3991-DD8A-501AA7289EBF}.Debug|Any CPU.ActiveCfg = Debug|Any CPU
		{E6DAA98A-2754-3991-DD8A-501AA7289EBF}.Debug|Any CPU.Build.0 = Debug|Any CPU
		{E6DAA98A-2754-3991-DD8A-501AA7289EBF}.Release|Any CPU.ActiveCfg = Release|Any CPU
		{E6DAA98A-2754-3991-DD8A-501AA7289EBF}.Release|Any CPU.Build.0 = Release|Any CPU
		{81BF23F4-00D7-9180-10EC-B9E4743D197C}.Debug|Any CPU.ActiveCfg = Debug|Any CPU
		{81BF23F4-00D7-9180-10EC-B9E4743D197C}.Debug|Any CPU.Build.0 = Debug|Any CPU
		{81BF23F4-00D7-9180-10EC-B9E4743D197C}.Release|Any CPU.ActiveCfg = Release|Any CPU
		{81BF23F4-00D7-9180-10EC-B9E4743D197C}.Release|Any CPU.Build.0 = Release|Any CPU
		{BA3B5058-D3FE-C565-5ED2-3394E6FD6B57}.Debug|Any CPU.ActiveCfg = Debug|Any CPU
		{BA3B5058-D3FE-C565-5ED2-3394E6FD6B57}.Debug|Any CPU.Build.0 = Debug|Any CPU
		{BA3B5058-D3FE-C565-5ED2-3394E6FD6B57}.Release|Any CPU.ActiveCfg = Release|Any CPU
		{BA3B5058-D3FE-C565-5ED2-3394E6FD6B57}.Release|Any CPU.Build.0 = Release|Any CPU
		{4CF7A1AF-6FB3-C417-27B2-2E5DE31FF08D}.Debug|Any CPU.ActiveCfg = Debug|Any CPU
		{4CF7A1AF-6FB3-C417-27B2-2E5DE31FF08D}.Debug|Any CPU.Build.0 = Debug|Any CPU
		{4CF7A1AF-6FB3-C417-27B2-2E5DE31FF08D}.Release|Any CPU.ActiveCfg = Release|Any CPU
		{4CF7A1AF-6FB3-C417-27B2-2E5DE31FF08D}.Release|Any CPU.Build.0 = Release|Any CPU
		{A72EBFD0-A612-2241-349C-FA5BE65C7B15}.Debug|Any CPU.ActiveCfg = Debug|Any CPU
		{A72EBFD0-A612-2241-349C-FA5BE65C7B15}.Debug|Any CPU.Build.0 = Debug|Any CPU
		{A72EBFD0-A612-2241-349C-FA5BE65C7B15}.Release|Any CPU.ActiveCfg = Release|Any CPU
		{A72EBFD0-A612-2241-349C-FA5BE65C7B15}.Release|Any CPU.Build.0 = Release|Any CPU
		{60A3DE76-6075-6FF2-6764-299A289090B3}.Debug|Any CPU.ActiveCfg = Debug|Any CPU
		{60A3DE76-6075-6FF2-6764-299A289090B3}.Debug|Any CPU.Build.0 = Debug|Any CPU
		{60A3DE76-6075-6FF2-6764-299A289090B3}.Release|Any CPU.ActiveCfg = Release|Any CPU
		{60A3DE76-6075-6FF2-6764-299A289090B3}.Release|Any CPU.Build.0 = Release|Any CPU
		{A3D9937D-9917-5EE7-133F-7F81E4211A2A}.Debug|Any CPU.ActiveCfg = Debug|Any CPU
		{A3D9937D-9917-5EE7-133F-7F81E4211A2A}.Debug|Any CPU.Build.0 = Debug|Any CPU
		{A3D9937D-9917-5EE7-133F-7F81E4211A2A}.Release|Any CPU.ActiveCfg = Release|Any CPU
		{A3D9937D-9917-5EE7-133F-7F81E4211A2A}.Release|Any CPU.Build.0 = Release|Any CPU
		{06AB3FE2-81DE-6E53-7A35-644C9162E2FA}.Debug|Any CPU.ActiveCfg = Debug|Any CPU
		{06AB3FE2-81DE-6E53-7A35-644C9162E2FA}.Debug|Any CPU.Build.0 = Debug|Any CPU
		{06AB3FE2-81DE-6E53-7A35-644C9162E2FA}.Release|Any CPU.ActiveCfg = Release|Any CPU
		{06AB3FE2-81DE-6E53-7A35-644C9162E2FA}.Release|Any CPU.Build.0 = Release|Any CPU
		{BC801FE0-650B-E11B-EEE7-167275E49D78}.Debug|Any CPU.ActiveCfg = Debug|Any CPU
		{BC801FE0-650B-E11B-EEE7-167275E49D78}.Debug|Any CPU.Build.0 = Debug|Any CPU
		{BC801FE0-650B-E11B-EEE7-167275E49D78}.Release|Any CPU.ActiveCfg = Release|Any CPU
		{BC801FE0-650B-E11B-EEE7-167275E49D78}.Release|Any CPU.Build.0 = Release|Any CPU
		{B4420B76-FF05-9BE2-5B66-89501CE96292}.Debug|Any CPU.ActiveCfg = Debug|Any CPU
		{B4420B76-FF05-9BE2-5B66-89501CE96292}.Debug|Any CPU.Build.0 = Debug|Any CPU
		{B4420B76-FF05-9BE2-5B66-89501CE96292}.Release|Any CPU.ActiveCfg = Release|Any CPU
		{B4420B76-FF05-9BE2-5B66-89501CE96292}.Release|Any CPU.Build.0 = Release|Any CPU
		{7E3E9200-DA0A-9126-5D84-5AA6ECC13C64}.Debug|Any CPU.ActiveCfg = Debug|Any CPU
		{7E3E9200-DA0A-9126-5D84-5AA6ECC13C64}.Debug|Any CPU.Build.0 = Debug|Any CPU
		{7E3E9200-DA0A-9126-5D84-5AA6ECC13C64}.Release|Any CPU.ActiveCfg = Release|Any CPU
		{7E3E9200-DA0A-9126-5D84-5AA6ECC13C64}.Release|Any CPU.Build.0 = Release|Any CPU
		{4D704655-3A7F-3AD3-D584-F112A0EDF8ED}.Debug|Any CPU.ActiveCfg = Debug|Any CPU
		{4D704655-3A7F-3AD3-D584-F112A0EDF8ED}.Debug|Any CPU.Build.0 = Debug|Any CPU
		{4D704655-3A7F-3AD3-D584-F112A0EDF8ED}.Release|Any CPU.ActiveCfg = Release|Any CPU
		{4D704655-3A7F-3AD3-D584-F112A0EDF8ED}.Release|Any CPU.Build.0 = Release|Any CPU
		{124472A1-1DBE-8AD5-1A2B-FCC6020FF952}.Debug|Any CPU.ActiveCfg = Debug|Any CPU
		{124472A1-1DBE-8AD5-1A2B-FCC6020FF952}.Debug|Any CPU.Build.0 = Debug|Any CPU
		{124472A1-1DBE-8AD5-1A2B-FCC6020FF952}.Release|Any CPU.ActiveCfg = Release|Any CPU
		{124472A1-1DBE-8AD5-1A2B-FCC6020FF952}.Release|Any CPU.Build.0 = Release|Any CPU
		{1E91FEB5-508F-1950-62B8-F93BA9A9BA0D}.Debug|Any CPU.ActiveCfg = Debug|Any CPU
		{1E91FEB5-508F-1950-62B8-F93BA9A9BA0D}.Debug|Any CPU.Build.0 = Debug|Any CPU
		{1E91FEB5-508F-1950-62B8-F93BA9A9BA0D}.Release|Any CPU.ActiveCfg = Release|Any CPU
		{1E91FEB5-508F-1950-62B8-F93BA9A9BA0D}.Release|Any CPU.Build.0 = Release|Any CPU
		{EDE363FA-43A4-9CDB-F094-BABB59FAF4FF}.Debug|Any CPU.ActiveCfg = Debug|Any CPU
		{EDE363FA-43A4-9CDB-F094-BABB59FAF4FF}.Debug|Any CPU.Build.0 = Debug|Any CPU
		{EDE363FA-43A4-9CDB-F094-BABB59FAF4FF}.Release|Any CPU.ActiveCfg = Release|Any CPU
		{EDE363FA-43A4-9CDB-F094-BABB59FAF4FF}.Release|Any CPU.Build.0 = Release|Any CPU
		{B9A1C821-3761-6FD8-7C7B-FC39CF766419}.Debug|Any CPU.ActiveCfg = Debug|Any CPU
		{B9A1C821-3761-6FD8-7C7B-FC39CF766419}.Debug|Any CPU.Build.0 = Debug|Any CPU
		{B9A1C821-3761-6FD8-7C7B-FC39CF766419}.Release|Any CPU.ActiveCfg = Release|Any CPU
		{B9A1C821-3761-6FD8-7C7B-FC39CF766419}.Release|Any CPU.Build.0 = Release|Any CPU
		{861A0F66-3CF4-F71E-0631-BC3FAADCC597}.Debug|Any CPU.ActiveCfg = Debug|Any CPU
		{861A0F66-3CF4-F71E-0631-BC3FAADCC597}.Debug|Any CPU.Build.0 = Debug|Any CPU
		{861A0F66-3CF4-F71E-0631-BC3FAADCC597}.Release|Any CPU.ActiveCfg = Release|Any CPU
		{861A0F66-3CF4-F71E-0631-BC3FAADCC597}.Release|Any CPU.Build.0 = Release|Any CPU
		{09219F5C-D749-04BE-519C-DBBDF004411A}.Debug|Any CPU.ActiveCfg = Debug|Any CPU
		{09219F5C-D749-04BE-519C-DBBDF004411A}.Debug|Any CPU.Build.0 = Debug|Any CPU
		{09219F5C-D749-04BE-519C-DBBDF004411A}.Release|Any CPU.ActiveCfg = Release|Any CPU
		{09219F5C-D749-04BE-519C-DBBDF004411A}.Release|Any CPU.Build.0 = Release|Any CPU
		{50B6EC91-306E-7BF8-284D-99B0648DF20E}.Debug|Any CPU.ActiveCfg = Debug|Any CPU
		{50B6EC91-306E-7BF8-284D-99B0648DF20E}.Debug|Any CPU.Build.0 = Debug|Any CPU
		{50B6EC91-306E-7BF8-284D-99B0648DF20E}.Release|Any CPU.ActiveCfg = Release|Any CPU
		{50B6EC91-306E-7BF8-284D-99B0648DF20E}.Release|Any CPU.Build.0 = Release|Any CPU
		{0DF2CF51-5FA4-FDDB-2CB2-7C8E207FBAD4}.Debug|Any CPU.ActiveCfg = Debug|Any CPU
		{0DF2CF51-5FA4-FDDB-2CB2-7C8E207FBAD4}.Debug|Any CPU.Build.0 = Debug|Any CPU
		{0DF2CF51-5FA4-FDDB-2CB2-7C8E207FBAD4}.Release|Any CPU.ActiveCfg = Release|Any CPU
		{0DF2CF51-5FA4-FDDB-2CB2-7C8E207FBAD4}.Release|Any CPU.Build.0 = Release|Any CPU
		{1B0E9770-59F5-4549-6CDA-682E43D47B0A}.Debug|Any CPU.ActiveCfg = Debug|Any CPU
		{1B0E9770-59F5-4549-6CDA-682E43D47B0A}.Debug|Any CPU.Build.0 = Debug|Any CPU
		{1B0E9770-59F5-4549-6CDA-682E43D47B0A}.Release|Any CPU.ActiveCfg = Release|Any CPU
		{1B0E9770-59F5-4549-6CDA-682E43D47B0A}.Release|Any CPU.Build.0 = Release|Any CPU
		{F2DB4337-1D11-44A4-077C-576CD9DB8D7B}.Debug|Any CPU.ActiveCfg = Debug|Any CPU
		{F2DB4337-1D11-44A4-077C-576CD9DB8D7B}.Debug|Any CPU.Build.0 = Debug|Any CPU
		{F2DB4337-1D11-44A4-077C-576CD9DB8D7B}.Release|Any CPU.ActiveCfg = Release|Any CPU
		{F2DB4337-1D11-44A4-077C-576CD9DB8D7B}.Release|Any CPU.Build.0 = Release|Any CPU
		{A3EEC423-E9B6-145B-F050-DDD4C3467C4C}.Debug|Any CPU.ActiveCfg = Debug|Any CPU
		{A3EEC423-E9B6-145B-F050-DDD4C3467C4C}.Debug|Any CPU.Build.0 = Debug|Any CPU
		{A3EEC423-E9B6-145B-F050-DDD4C3467C4C}.Release|Any CPU.ActiveCfg = Release|Any CPU
		{A3EEC423-E9B6-145B-F050-DDD4C3467C4C}.Release|Any CPU.Build.0 = Release|Any CPU
		{03D4FEC7-F242-F716-7CEF-CCA2D5E1F290}.Debug|Any CPU.ActiveCfg = Debug|Any CPU
		{03D4FEC7-F242-F716-7CEF-CCA2D5E1F290}.Debug|Any CPU.Build.0 = Debug|Any CPU
		{03D4FEC7-F242-F716-7CEF-CCA2D5E1F290}.Release|Any CPU.ActiveCfg = Release|Any CPU
		{03D4FEC7-F242-F716-7CEF-CCA2D5E1F290}.Release|Any CPU.Build.0 = Release|Any CPU
		{B598978C-6219-D9C2-F7ED-12239517E71A}.Debug|Any CPU.ActiveCfg = Debug|Any CPU
		{B598978C-6219-D9C2-F7ED-12239517E71A}.Debug|Any CPU.Build.0 = Debug|Any CPU
		{B598978C-6219-D9C2-F7ED-12239517E71A}.Release|Any CPU.ActiveCfg = Release|Any CPU
		{B598978C-6219-D9C2-F7ED-12239517E71A}.Release|Any CPU.Build.0 = Release|Any CPU
		{63DBD19F-5BD9-9974-46D6-CAE06E7F15C0}.Debug|Any CPU.ActiveCfg = Debug|Any CPU
		{63DBD19F-5BD9-9974-46D6-CAE06E7F15C0}.Debug|Any CPU.Build.0 = Debug|Any CPU
		{63DBD19F-5BD9-9974-46D6-CAE06E7F15C0}.Release|Any CPU.ActiveCfg = Release|Any CPU
		{63DBD19F-5BD9-9974-46D6-CAE06E7F15C0}.Release|Any CPU.Build.0 = Release|Any CPU
		{66F2BDD6-6E0F-B920-F8A4-7E0D29219075}.Debug|Any CPU.ActiveCfg = Debug|Any CPU
		{66F2BDD6-6E0F-B920-F8A4-7E0D29219075}.Debug|Any CPU.Build.0 = Debug|Any CPU
		{66F2BDD6-6E0F-B920-F8A4-7E0D29219075}.Release|Any CPU.ActiveCfg = Release|Any CPU
		{66F2BDD6-6E0F-B920-F8A4-7E0D29219075}.Release|Any CPU.Build.0 = Release|Any CPU
		{0BA16094-ECDD-4456-FC39-4194F3CF3195}.Debug|Any CPU.ActiveCfg = Debug|Any CPU
		{0BA16094-ECDD-4456-FC39-4194F3CF3195}.Debug|Any CPU.Build.0 = Debug|Any CPU
		{0BA16094-ECDD-4456-FC39-4194F3CF3195}.Release|Any CPU.ActiveCfg = Release|Any CPU
		{0BA16094-ECDD-4456-FC39-4194F3CF3195}.Release|Any CPU.Build.0 = Release|Any CPU
		{93E9FC51-7D9A-C8B9-2F44-957D5F5F4839}.Debug|Any CPU.ActiveCfg = Debug|Any CPU
		{93E9FC51-7D9A-C8B9-2F44-957D5F5F4839}.Debug|Any CPU.Build.0 = Debug|Any CPU
		{93E9FC51-7D9A-C8B9-2F44-957D5F5F4839}.Release|Any CPU.ActiveCfg = Release|Any CPU
		{93E9FC51-7D9A-C8B9-2F44-957D5F5F4839}.Release|Any CPU.Build.0 = Release|Any CPU
		{7D611B39-43DB-F45D-FF3A-F960CFB59A55}.Debug|Any CPU.ActiveCfg = Debug|Any CPU
		{7D611B39-43DB-F45D-FF3A-F960CFB59A55}.Debug|Any CPU.Build.0 = Debug|Any CPU
		{7D611B39-43DB-F45D-FF3A-F960CFB59A55}.Release|Any CPU.ActiveCfg = Release|Any CPU
		{7D611B39-43DB-F45D-FF3A-F960CFB59A55}.Release|Any CPU.Build.0 = Release|Any CPU
		{B689AE66-26D3-5EA9-FEFD-BA3A5EDFBEAF}.Debug|Any CPU.ActiveCfg = Debug|Any CPU
		{B689AE66-26D3-5EA9-FEFD-BA3A5EDFBEAF}.Debug|Any CPU.Build.0 = Debug|Any CPU
		{B689AE66-26D3-5EA9-FEFD-BA3A5EDFBEAF}.Release|Any CPU.ActiveCfg = Release|Any CPU
		{B689AE66-26D3-5EA9-FEFD-BA3A5EDFBEAF}.Release|Any CPU.Build.0 = Release|Any CPU
		{4AD57D07-1F5E-583B-E06B-2ED1745402AC}.Debug|Any CPU.ActiveCfg = Debug|Any CPU
		{4AD57D07-1F5E-583B-E06B-2ED1745402AC}.Debug|Any CPU.Build.0 = Debug|Any CPU
		{4AD57D07-1F5E-583B-E06B-2ED1745402AC}.Release|Any CPU.ActiveCfg = Release|Any CPU
		{4AD57D07-1F5E-583B-E06B-2ED1745402AC}.Release|Any CPU.Build.0 = Release|Any CPU
		{2D64C947-5315-4117-DE10-4D63A896F868}.Debug|Any CPU.ActiveCfg = Debug|Any CPU
		{2D64C947-5315-4117-DE10-4D63A896F868}.Debug|Any CPU.Build.0 = Debug|Any CPU
		{2D64C947-5315-4117-DE10-4D63A896F868}.Release|Any CPU.ActiveCfg = Release|Any CPU
		{2D64C947-5315-4117-DE10-4D63A896F868}.Release|Any CPU.Build.0 = Release|Any CPU
		{27F096A1-5E25-ADD1-BF8B-65734937F040}.Debug|Any CPU.ActiveCfg = Debug|Any CPU
		{27F096A1-5E25-ADD1-BF8B-65734937F040}.Debug|Any CPU.Build.0 = Debug|Any CPU
		{27F096A1-5E25-ADD1-BF8B-65734937F040}.Release|Any CPU.ActiveCfg = Release|Any CPU
		{27F096A1-5E25-ADD1-BF8B-65734937F040}.Release|Any CPU.Build.0 = Release|Any CPU
		{E7B91591-F7A9-CC65-FD7B-C7F1F06301EF}.Debug|Any CPU.ActiveCfg = Debug|Any CPU
		{E7B91591-F7A9-CC65-FD7B-C7F1F06301EF}.Debug|Any CPU.Build.0 = Debug|Any CPU
		{E7B91591-F7A9-CC65-FD7B-C7F1F06301EF}.Release|Any CPU.ActiveCfg = Release|Any CPU
		{E7B91591-F7A9-CC65-FD7B-C7F1F06301EF}.Release|Any CPU.Build.0 = Release|Any CPU
		{B133827A-4513-367F-8E44-1C18A0DCFA56}.Debug|Any CPU.ActiveCfg = Debug|Any CPU
		{B133827A-4513-367F-8E44-1C18A0DCFA56}.Debug|Any CPU.Build.0 = Debug|Any CPU
		{B133827A-4513-367F-8E44-1C18A0DCFA56}.Release|Any CPU.ActiveCfg = Release|Any CPU
		{B133827A-4513-367F-8E44-1C18A0DCFA56}.Release|Any CPU.Build.0 = Release|Any CPU
		{E7A482E9-CF01-77E9-AF51-5DBEA3189D17}.Debug|Any CPU.ActiveCfg = Debug|Any CPU
		{E7A482E9-CF01-77E9-AF51-5DBEA3189D17}.Debug|Any CPU.Build.0 = Debug|Any CPU
		{E7A482E9-CF01-77E9-AF51-5DBEA3189D17}.Release|Any CPU.ActiveCfg = Release|Any CPU
		{E7A482E9-CF01-77E9-AF51-5DBEA3189D17}.Release|Any CPU.Build.0 = Release|Any CPU
		{AC648BEC-F55D-F7F6-A42D-B73CDB80D344}.Debug|Any CPU.ActiveCfg = Debug|Any CPU
		{AC648BEC-F55D-F7F6-A42D-B73CDB80D344}.Debug|Any CPU.Build.0 = Debug|Any CPU
		{AC648BEC-F55D-F7F6-A42D-B73CDB80D344}.Release|Any CPU.ActiveCfg = Release|Any CPU
		{AC648BEC-F55D-F7F6-A42D-B73CDB80D344}.Release|Any CPU.Build.0 = Release|Any CPU
		{076D7404-140E-92EF-8F63-24CF8AA7D056}.Debug|Any CPU.ActiveCfg = Debug|Any CPU
		{076D7404-140E-92EF-8F63-24CF8AA7D056}.Debug|Any CPU.Build.0 = Debug|Any CPU
		{076D7404-140E-92EF-8F63-24CF8AA7D056}.Release|Any CPU.ActiveCfg = Release|Any CPU
		{076D7404-140E-92EF-8F63-24CF8AA7D056}.Release|Any CPU.Build.0 = Release|Any CPU
		{19DA39BC-BA54-73DB-B67B-A3759A49F82F}.Debug|Any CPU.ActiveCfg = Debug|Any CPU
		{19DA39BC-BA54-73DB-B67B-A3759A49F82F}.Debug|Any CPU.Build.0 = Debug|Any CPU
		{19DA39BC-BA54-73DB-B67B-A3759A49F82F}.Release|Any CPU.ActiveCfg = Release|Any CPU
		{19DA39BC-BA54-73DB-B67B-A3759A49F82F}.Release|Any CPU.Build.0 = Release|Any CPU
		{E62B07D2-8E01-09D3-F036-D22009698C1D}.Debug|Any CPU.ActiveCfg = Debug|Any CPU
		{E62B07D2-8E01-09D3-F036-D22009698C1D}.Debug|Any CPU.Build.0 = Debug|Any CPU
		{E62B07D2-8E01-09D3-F036-D22009698C1D}.Release|Any CPU.ActiveCfg = Release|Any CPU
		{E62B07D2-8E01-09D3-F036-D22009698C1D}.Release|Any CPU.Build.0 = Release|Any CPU
		{73E3A245-05E3-FC38-5BD1-F21468FD56A8}.Debug|Any CPU.ActiveCfg = Debug|Any CPU
		{73E3A245-05E3-FC38-5BD1-F21468FD56A8}.Debug|Any CPU.Build.0 = Debug|Any CPU
		{73E3A245-05E3-FC38-5BD1-F21468FD56A8}.Release|Any CPU.ActiveCfg = Release|Any CPU
		{73E3A245-05E3-FC38-5BD1-F21468FD56A8}.Release|Any CPU.Build.0 = Release|Any CPU
	EndGlobalSection
	GlobalSection(SolutionProperties) = preSolution
		HideSolutionNode = FALSE
	EndGlobalSection
EndGlobal
